// !$*UTF8*$!
{
	archiveVersion = 1;
	classes = {
	};
	objectVersion = 51;
	objects = {

/* Begin PBXBuildFile section */
		0661213DD110A9B985140810 /* AppTrackingTransparency.framework in Frameworks */ = {isa = PBXBuildFile; fileRef = 762AF62B0B39027F6DD04D99 /* AppTrackingTransparency.framework */; };
		09D60572525E223F8CE27DC1 /* DeveloperRow.swift in Sources */ = {isa = PBXBuildFile; fileRef = 0C2EA1800E7D9F00C3E43A4C /* DeveloperRow.swift */; };
		0A910C0B5E04BCE17BEA01CF /* AdmobBannerView.swift in Sources */ = {isa = PBXBuildFile; fileRef = 68EADEB1455C4ED5E5E8427D /* AdmobBannerView.swift */; };
		10AF3C08617A1D6D83DE70C6 /* ReactionDetailContent.swift in Sources */ = {isa = PBXBuildFile; fileRef = 3356A098B64188C6EA688229 /* ReactionDetailContent.swift */; };
		13B96D16C90B4469521C1C3B /* DeveloperView.swift in Sources */ = {isa = PBXBuildFile; fileRef = 48CABE540BB1CECDD737F835 /* DeveloperView.swift */; };
		155A087D065D51CAA96CE7C0 /* AppTrackingTransparency.framework in Frameworks */ = {isa = PBXBuildFile; fileRef = 762AF62B0B39027F6DD04D99 /* AppTrackingTransparency.framework */; };
		1707914CC52204B468C906A9 /* ReactionListRow.swift in Sources */ = {isa = PBXBuildFile; fileRef = 83C13089D0C6DE25BF8823A9 /* ReactionListRow.swift */; };
		17DF4F9F4F5B3A5BC959A132 /* Pods_ReactionTests.framework in Frameworks */ = {isa = PBXBuildFile; fileRef = 49C2391B99BA8FB8D6FCF9B1 /* Pods_ReactionTests.framework */; };
		198350E7C888F3A32011C476 /* ReactionDetailFullScreenView.swift in Sources */ = {isa = PBXBuildFile; fileRef = 4640E76DEA35B7B82D9B271E /* ReactionDetailFullScreenView.swift */; };
		1DE1981982D8DB2594B6C8B9 /* Mockable.swift in Sources */ = {isa = PBXBuildFile; fileRef = 3AE9E3471F6D1FE807B72368 /* Mockable.swift */; };
		22FEB7F6C05AD7F0FB2352C3 /* ReactionDetailView.swift in Sources */ = {isa = PBXBuildFile; fileRef = 0B5126E3C330F024DE6113A2 /* ReactionDetailView.swift */; };
		2324790960F3093621893E12 /* DeveloperRow.swift in Sources */ = {isa = PBXBuildFile; fileRef = 0C2EA1800E7D9F00C3E43A4C /* DeveloperRow.swift */; };
		29C235B768505A3C9491C2F0 /* ReactionListView.swift in Sources */ = {isa = PBXBuildFile; fileRef = 6F8BFCF67CC863DA1470B630 /* ReactionListView.swift */; };
		3646DE9B07273C8B957EB79A /* AppTrackingTransparency.framework in Frameworks */ = {isa = PBXBuildFile; fileRef = 762AF62B0B39027F6DD04D99 /* AppTrackingTransparency.framework */; };
		3706DB8EE62296D01D244537 /* ReactionMechanism.swift in Sources */ = {isa = PBXBuildFile; fileRef = 449C0CC9D039F2045C23C74E /* ReactionMechanism.swift */; };
		373394FA6A1F6C3AA2DE4BAB /* ReactionListViewModel.swift in Sources */ = {isa = PBXBuildFile; fileRef = 9AB42917F5091A51E5570E10 /* ReactionListViewModel.swift */; };
		3EBF8ED0A2249EEB776DC220 /* ReactionListRow.swift in Sources */ = {isa = PBXBuildFile; fileRef = 83C13089D0C6DE25BF8823A9 /* ReactionListRow.swift */; };
		40D37499C1B1B732C5FCD0A3 /* ReactionListViewModel.swift in Sources */ = {isa = PBXBuildFile; fileRef = 9AB42917F5091A51E5570E10 /* ReactionListViewModel.swift */; };
		466A891738B10DE7287CC2C5 /* UserDefaultRepository.swift in Sources */ = {isa = PBXBuildFile; fileRef = 68D99AEE1CCDF079DD19647C /* UserDefaultRepository.swift */; };
		4696509314A7D507C120E634 /* Preview Assets.xcassets in Resources */ = {isa = PBXBuildFile; fileRef = 6D290D58BCFC8E2C7E1A69A0 /* Preview Assets.xcassets */; };
		4A4EB13833C88B00DE33BCC1 /* R.generated.swift in Sources */ = {isa = PBXBuildFile; fileRef = 55009637E5930F1D8EDE1777 /* R.generated.swift */; };
		4B24B9722ED3D8D19413DB70 /* Preview Assets.xcassets in Resources */ = {isa = PBXBuildFile; fileRef = 6D290D58BCFC8E2C7E1A69A0 /* Preview Assets.xcassets */; };
		4C1A5D182F24C36FBCAB4F44 /* ReactionDetailFullScreenView.swift in Sources */ = {isa = PBXBuildFile; fileRef = 4640E76DEA35B7B82D9B271E /* ReactionDetailFullScreenView.swift */; };
		4FCA6AD7056FBAAEF5964C43 /* reactionApp.swift in Sources */ = {isa = PBXBuildFile; fileRef = D03893401CFF66E562D5A4A1 /* reactionApp.swift */; };
		50681E8BAD38A3E4A66FEBA7 /* Config.swift in Sources */ = {isa = PBXBuildFile; fileRef = 160773AE411048D7FC5EFD5C /* Config.swift */; };
		5111AA2532DEACBA7940DA27 /* AdSupport.framework in Frameworks */ = {isa = PBXBuildFile; fileRef = 3E850BDCAC4CB1A4437CDB7A /* AdSupport.framework */; };
		5B22F0D2D63DE71007884668 /* ReactionDetailFullScreenView.swift in Sources */ = {isa = PBXBuildFile; fileRef = 4640E76DEA35B7B82D9B271E /* ReactionDetailFullScreenView.swift */; };
		5B27D16FAA0EBE445E994F9B /* AppEnvironment.swift in Sources */ = {isa = PBXBuildFile; fileRef = B557BD048282884731A14DAA /* AppEnvironment.swift */; };
		5D4D0F55A9ED9562915FDD5A /* AdSupport.framework in Frameworks */ = {isa = PBXBuildFile; fileRef = 3E850BDCAC4CB1A4437CDB7A /* AdSupport.framework */; };
		60DC57909DDB7DC4EFD55B62 /* Assets.xcassets in Resources */ = {isa = PBXBuildFile; fileRef = 217EE3AF8EB7D35F296203E9 /* Assets.xcassets */; };
		668795F6B9E0F1C28C1B7AD2 /* GoogleService-Info.plist in Resources */ = {isa = PBXBuildFile; fileRef = 1186FF34AFC8E4534A4517E6 /* GoogleService-Info.plist */; };
		6D8336A7FD2972BDBBC17A50 /* Mockable.swift in Sources */ = {isa = PBXBuildFile; fileRef = 3AE9E3471F6D1FE807B72368 /* Mockable.swift */; };
		76E20CC0AD0D1E9B114DA46E /* ReactionMechanism.swift in Sources */ = {isa = PBXBuildFile; fileRef = 449C0CC9D039F2045C23C74E /* ReactionMechanism.swift */; };
		77D6B4DD1D5AF6CD4195D8C0 /* Config.swift in Sources */ = {isa = PBXBuildFile; fileRef = 160773AE411048D7FC5EFD5C /* Config.swift */; };
		853172AD9418BF9EB5AE4624 /* AppEnvironment.swift in Sources */ = {isa = PBXBuildFile; fileRef = B557BD048282884731A14DAA /* AppEnvironment.swift */; };
		85E0CF598E1DD95AF0DABBCD /* ReactionDetailView.swift in Sources */ = {isa = PBXBuildFile; fileRef = 0B5126E3C330F024DE6113A2 /* ReactionDetailView.swift */; };
		8860F581447495CF9A929473 /* Pods_ReactionUITests.framework in Frameworks */ = {isa = PBXBuildFile; fileRef = E5079AA6B35BD3FAC3445D68 /* Pods_ReactionUITests.framework */; };
		88751292880D04EF4752BE0E /* ReactionListConfigView.swift in Sources */ = {isa = PBXBuildFile; fileRef = FDFF6C4D440E2C4CAFD16518 /* ReactionListConfigView.swift */; };
		8B88E0C0404B2F3B9CD9DB7F /* GoogleService-Info.plist in Resources */ = {isa = PBXBuildFile; fileRef = 1186FF34AFC8E4534A4517E6 /* GoogleService-Info.plist */; };
		8E8342467C7CEFE447A57714 /* DeveloperRow.swift in Sources */ = {isa = PBXBuildFile; fileRef = 0C2EA1800E7D9F00C3E43A4C /* DeveloperRow.swift */; };
		8FBD12C76947DF90AC1DC7E6 /* ReactionListView.swift in Sources */ = {isa = PBXBuildFile; fileRef = 6F8BFCF67CC863DA1470B630 /* ReactionListView.swift */; };
		90E70B3B8C2B6222BA15025C /* Assets.xcassets in Resources */ = {isa = PBXBuildFile; fileRef = 217EE3AF8EB7D35F296203E9 /* Assets.xcassets */; };
		910522D57FD4C5CC066CA988 /* Preview Assets.xcassets in Resources */ = {isa = PBXBuildFile; fileRef = 6D290D58BCFC8E2C7E1A69A0 /* Preview Assets.xcassets */; };
		912497566881131A2D52941B /* AppEnvironment.swift in Sources */ = {isa = PBXBuildFile; fileRef = B557BD048282884731A14DAA /* AppEnvironment.swift */; };
		9140273AEBF864CD06BAE5DF /* ReactionListRow.swift in Sources */ = {isa = PBXBuildFile; fileRef = 83C13089D0C6DE25BF8823A9 /* ReactionListRow.swift */; };
		915AFACA9817CC9AFDB1882A /* AdmobBannerView.swift in Sources */ = {isa = PBXBuildFile; fileRef = 68EADEB1455C4ED5E5E8427D /* AdmobBannerView.swift */; };
		91803F78CDA1F1F47DEC58EF /* Pods_ReactionProduction.framework in Frameworks */ = {isa = PBXBuildFile; fileRef = 6A2E501DF79CEC749826FB2A /* Pods_ReactionProduction.framework */; };
		936C5C266CC6ACD23776F176 /* R.generated.swift in Sources */ = {isa = PBXBuildFile; fileRef = 55009637E5930F1D8EDE1777 /* R.generated.swift */; };
		97BB0CE67BEDB0A5934D84E6 /* ReactionMechanism.swift in Sources */ = {isa = PBXBuildFile; fileRef = 449C0CC9D039F2045C23C74E /* ReactionMechanism.swift */; };
		9B2C3F338FDB881CC16F813C /* R.generated.swift in Sources */ = {isa = PBXBuildFile; fileRef = 55009637E5930F1D8EDE1777 /* R.generated.swift */; };
		A1F9C06DF86CFF490C65C167 /* ReactionDetailView.swift in Sources */ = {isa = PBXBuildFile; fileRef = 0B5126E3C330F024DE6113A2 /* ReactionDetailView.swift */; };
		A3499461BC27463A59B41488 /* Pods_ReactionLocal.framework in Frameworks */ = {isa = PBXBuildFile; fileRef = 3A8A1DA40A556A375FC2C039 /* Pods_ReactionLocal.framework */; };
		A3BB207B28C45A6BD43AC096 /* BuildFile in Frameworks */ = {isa = PBXBuildFile; productRef = D30B44F7C4E10B9ED9994C89 /* SwiftPackageProductDependency */; };
		A61AF39A44C88B94BC916D0C /* ReactionListConfigView.swift in Sources */ = {isa = PBXBuildFile; fileRef = FDFF6C4D440E2C4CAFD16518 /* ReactionListConfigView.swift */; };
		A80B77FEAEA1731AF3E55339 /* UserDefaultRepository.swift in Sources */ = {isa = PBXBuildFile; fileRef = 68D99AEE1CCDF079DD19647C /* UserDefaultRepository.swift */; };
		A86C8A8774ECC1BD781B4149 /* reactionApp.swift in Sources */ = {isa = PBXBuildFile; fileRef = D03893401CFF66E562D5A4A1 /* reactionApp.swift */; };
		A924C9D26EF5DB2E65AA3CD6 /* Mockable.swift in Sources */ = {isa = PBXBuildFile; fileRef = 3AE9E3471F6D1FE807B72368 /* Mockable.swift */; };
		AD85B1096C2195293FE8B844 /* ReactionListConfigView.swift in Sources */ = {isa = PBXBuildFile; fileRef = FDFF6C4D440E2C4CAFD16518 /* ReactionListConfigView.swift */; };
		AE7D345F811EB320F77C2987 /* GoogleService-Info.plist in Resources */ = {isa = PBXBuildFile; fileRef = 1186FF34AFC8E4534A4517E6 /* GoogleService-Info.plist */; };
		BAACA74FDF8998270F8B1698 /* DeveloperView.swift in Sources */ = {isa = PBXBuildFile; fileRef = 48CABE540BB1CECDD737F835 /* DeveloperView.swift */; };
		C3D20958AA8D51E400EF53C3 /* Config.swift in Sources */ = {isa = PBXBuildFile; fileRef = 160773AE411048D7FC5EFD5C /* Config.swift */; };
		C9EA473E2ACECCDA9EC3527B /* ReactionListView.swift in Sources */ = {isa = PBXBuildFile; fileRef = 6F8BFCF67CC863DA1470B630 /* ReactionListView.swift */; };
		CABA49D35A8174D9D84BC268 /* AdmobBannerView.swift in Sources */ = {isa = PBXBuildFile; fileRef = 68EADEB1455C4ED5E5E8427D /* AdmobBannerView.swift */; };
		CB55E159482029268574FBF2 /* ReactionDetailContent.swift in Sources */ = {isa = PBXBuildFile; fileRef = 3356A098B64188C6EA688229 /* ReactionDetailContent.swift */; };
		CB6BB88C5514688406DAA204 /* ReactionListViewModel.swift in Sources */ = {isa = PBXBuildFile; fileRef = 9AB42917F5091A51E5570E10 /* ReactionListViewModel.swift */; };
		CBC369B300E55F9C783DED83 /* DeveloperView.swift in Sources */ = {isa = PBXBuildFile; fileRef = 48CABE540BB1CECDD737F835 /* DeveloperView.swift */; };
		DE20609AB99CA8052CD7E8A9 /* Pods_ReactionStaging.framework in Frameworks */ = {isa = PBXBuildFile; fileRef = 96F390252618EEDE9D745B8E /* Pods_ReactionStaging.framework */; };
		E3185194A441384B627A91B1 /* AdSupport.framework in Frameworks */ = {isa = PBXBuildFile; fileRef = 3E850BDCAC4CB1A4437CDB7A /* AdSupport.framework */; };
		E318BAE1A013066FD92CB8EF /* ReactionDetailContent.swift in Sources */ = {isa = PBXBuildFile; fileRef = 3356A098B64188C6EA688229 /* ReactionDetailContent.swift */; };
		E54E9FC115AF306A858D736B /* reactionUITests.swift in Sources */ = {isa = PBXBuildFile; fileRef = FEEC2D6B432A5305230EE384 /* reactionUITests.swift */; };
		E71118F8FAD8A32CF602A56C /* BuildFile in Frameworks */ = {isa = PBXBuildFile; productRef = 67DEDBA56812833BDF1ACF9D /* SwiftPackageProductDependency */; };
		F1E6B4C4FB24630E7E454775 /* UserDefaultRepository.swift in Sources */ = {isa = PBXBuildFile; fileRef = 68D99AEE1CCDF079DD19647C /* UserDefaultRepository.swift */; };
		F21BD9BEECFB1F3FEA29DEF9 /* Assets.xcassets in Resources */ = {isa = PBXBuildFile; fileRef = 217EE3AF8EB7D35F296203E9 /* Assets.xcassets */; };
		F3F4F855926B9BE164B84030 /* reactionApp.swift in Sources */ = {isa = PBXBuildFile; fileRef = D03893401CFF66E562D5A4A1 /* reactionApp.swift */; };
		F9FC6C761135AEF976BB0098 /* BuildFile in Frameworks */ = {isa = PBXBuildFile; productRef = 2C43CAE6CA59E22F91832911 /* SwiftPackageProductDependency */; };
		FF400CC7673AAA6B62163FBC /* reactionTests.swift in Sources */ = {isa = PBXBuildFile; fileRef = B8456308BB89DEA250F12BC7 /* reactionTests.swift */; };
/* End PBXBuildFile section */

/* Begin PBXContainerItemProxy section */
		833BEC497989AA4B4F9E622F /* PBXContainerItemProxy */ = {
			isa = PBXContainerItemProxy;
			containerPortal = 854B2B81A8B61CA930C77964 /* Project object */;
			proxyType = 1;
			remoteGlobalIDString = 08F1A73B931686FEB7ECD64C;
			remoteInfo = ReactionLocal;
		};
		F0E6169C191BF73744F17D8F /* PBXContainerItemProxy */ = {
			isa = PBXContainerItemProxy;
			containerPortal = 854B2B81A8B61CA930C77964 /* Project object */;
			proxyType = 1;
			remoteGlobalIDString = 08F1A73B931686FEB7ECD64C;
			remoteInfo = ReactionLocal;
		};
/* End PBXContainerItemProxy section */

/* Begin PBXFileReference section */
		0241A8246B900178EB8580EF /* Pods-ReactionProduction.debug.xcconfig */ = {isa = PBXFileReference; includeInIndex = 1; lastKnownFileType = text.xcconfig; name = "Pods-ReactionProduction.debug.xcconfig"; path = "Target Support Files/Pods-ReactionProduction/Pods-ReactionProduction.debug.xcconfig"; sourceTree = "<group>"; };
		0921B04C796CD573D91B2A5A /* ReactionStaging.app */ = {isa = PBXFileReference; includeInIndex = 0; lastKnownFileType = wrapper.application; path = ReactionStaging.app; sourceTree = BUILT_PRODUCTS_DIR; };
		0B5126E3C330F024DE6113A2 /* ReactionDetailView.swift */ = {isa = PBXFileReference; lastKnownFileType = sourcecode.swift; path = ReactionDetailView.swift; sourceTree = "<group>"; };
		0C2EA1800E7D9F00C3E43A4C /* DeveloperRow.swift */ = {isa = PBXFileReference; lastKnownFileType = sourcecode.swift; path = DeveloperRow.swift; sourceTree = "<group>"; };
		1186FF34AFC8E4534A4517E6 /* GoogleService-Info.plist */ = {isa = PBXFileReference; lastKnownFileType = text.plist; path = "GoogleService-Info.plist"; sourceTree = "<group>"; };
		11D730A843005F74E4D93EF3 /* Pods-ReactionProduction.release.xcconfig */ = {isa = PBXFileReference; includeInIndex = 1; lastKnownFileType = text.xcconfig; name = "Pods-ReactionProduction.release.xcconfig"; path = "Target Support Files/Pods-ReactionProduction/Pods-ReactionProduction.release.xcconfig"; sourceTree = "<group>"; };
		160773AE411048D7FC5EFD5C /* Config.swift */ = {isa = PBXFileReference; lastKnownFileType = sourcecode.swift; path = Config.swift; sourceTree = "<group>"; };
		217EE3AF8EB7D35F296203E9 /* Assets.xcassets */ = {isa = PBXFileReference; lastKnownFileType = folder.assetcatalog; path = Assets.xcassets; sourceTree = "<group>"; };
		3356A098B64188C6EA688229 /* ReactionDetailContent.swift */ = {isa = PBXFileReference; lastKnownFileType = sourcecode.swift; path = ReactionDetailContent.swift; sourceTree = "<group>"; };
		355AE534D9B4621FC2D6B669 /* Pods-ReactionLocal.release.xcconfig */ = {isa = PBXFileReference; includeInIndex = 1; lastKnownFileType = text.xcconfig; name = "Pods-ReactionLocal.release.xcconfig"; path = "Target Support Files/Pods-ReactionLocal/Pods-ReactionLocal.release.xcconfig"; sourceTree = "<group>"; };
		3A8A1DA40A556A375FC2C039 /* Pods_ReactionLocal.framework */ = {isa = PBXFileReference; explicitFileType = wrapper.framework; includeInIndex = 0; path = Pods_ReactionLocal.framework; sourceTree = BUILT_PRODUCTS_DIR; };
		3AE9E3471F6D1FE807B72368 /* Mockable.swift */ = {isa = PBXFileReference; lastKnownFileType = sourcecode.swift; path = Mockable.swift; sourceTree = "<group>"; };
		3E850BDCAC4CB1A4437CDB7A /* AdSupport.framework */ = {isa = PBXFileReference; lastKnownFileType = wrapper.framework; name = AdSupport.framework; path = System/Library/Frameworks/AdSupport.framework; sourceTree = SDKROOT; };
		449C0CC9D039F2045C23C74E /* ReactionMechanism.swift */ = {isa = PBXFileReference; lastKnownFileType = sourcecode.swift; path = ReactionMechanism.swift; sourceTree = "<group>"; };
		4640E76DEA35B7B82D9B271E /* ReactionDetailFullScreenView.swift */ = {isa = PBXFileReference; lastKnownFileType = sourcecode.swift; path = ReactionDetailFullScreenView.swift; sourceTree = "<group>"; };
		48CABE540BB1CECDD737F835 /* DeveloperView.swift */ = {isa = PBXFileReference; lastKnownFileType = sourcecode.swift; path = DeveloperView.swift; sourceTree = "<group>"; };
		49C2391B99BA8FB8D6FCF9B1 /* Pods_ReactionTests.framework */ = {isa = PBXFileReference; explicitFileType = wrapper.framework; includeInIndex = 0; path = Pods_ReactionTests.framework; sourceTree = BUILT_PRODUCTS_DIR; };
		5217FDFF45BA7075B0E1577B /* Pods-ReactionTests.release.xcconfig */ = {isa = PBXFileReference; includeInIndex = 1; lastKnownFileType = text.xcconfig; name = "Pods-ReactionTests.release.xcconfig"; path = "Target Support Files/Pods-ReactionTests/Pods-ReactionTests.release.xcconfig"; sourceTree = "<group>"; };
		55009637E5930F1D8EDE1777 /* R.generated.swift */ = {isa = PBXFileReference; lastKnownFileType = sourcecode.swift; path = R.generated.swift; sourceTree = "<group>"; };
		5EF928735AE5D521F858CA24 /* Pods-ReactionLocal.debug.xcconfig */ = {isa = PBXFileReference; includeInIndex = 1; lastKnownFileType = text.xcconfig; name = "Pods-ReactionLocal.debug.xcconfig"; path = "Target Support Files/Pods-ReactionLocal/Pods-ReactionLocal.debug.xcconfig"; sourceTree = "<group>"; };
		6253690FF5ADAFEA31E445C2 /* Pods-ReactionStaging.debug.xcconfig */ = {isa = PBXFileReference; includeInIndex = 1; lastKnownFileType = text.xcconfig; name = "Pods-ReactionStaging.debug.xcconfig"; path = "Target Support Files/Pods-ReactionStaging/Pods-ReactionStaging.debug.xcconfig"; sourceTree = "<group>"; };
		68D99AEE1CCDF079DD19647C /* UserDefaultRepository.swift */ = {isa = PBXFileReference; lastKnownFileType = sourcecode.swift; path = UserDefaultRepository.swift; sourceTree = "<group>"; };
		68EADEB1455C4ED5E5E8427D /* AdmobBannerView.swift */ = {isa = PBXFileReference; lastKnownFileType = sourcecode.swift; path = AdmobBannerView.swift; sourceTree = "<group>"; };
		6A2E501DF79CEC749826FB2A /* Pods_ReactionProduction.framework */ = {isa = PBXFileReference; explicitFileType = wrapper.framework; includeInIndex = 0; path = Pods_ReactionProduction.framework; sourceTree = BUILT_PRODUCTS_DIR; };
		6D290D58BCFC8E2C7E1A69A0 /* Preview Assets.xcassets */ = {isa = PBXFileReference; lastKnownFileType = folder.assetcatalog; path = "Preview Assets.xcassets"; sourceTree = "<group>"; };
		6F8BFCF67CC863DA1470B630 /* ReactionListView.swift */ = {isa = PBXFileReference; lastKnownFileType = sourcecode.swift; path = ReactionListView.swift; sourceTree = "<group>"; };
		70BCAB3E4F527884AD9D7087 /* Pods-ReactionUITests.release.xcconfig */ = {isa = PBXFileReference; includeInIndex = 1; lastKnownFileType = text.xcconfig; name = "Pods-ReactionUITests.release.xcconfig"; path = "Target Support Files/Pods-ReactionUITests/Pods-ReactionUITests.release.xcconfig"; sourceTree = "<group>"; };
		762AF62B0B39027F6DD04D99 /* AppTrackingTransparency.framework */ = {isa = PBXFileReference; lastKnownFileType = wrapper.framework; name = AppTrackingTransparency.framework; path = System/Library/Frameworks/AppTrackingTransparency.framework; sourceTree = SDKROOT; };
		7E3D6116197A8B2BFEF20FE6 /* Pods-ReactionStaging.release.xcconfig */ = {isa = PBXFileReference; includeInIndex = 1; lastKnownFileType = text.xcconfig; name = "Pods-ReactionStaging.release.xcconfig"; path = "Target Support Files/Pods-ReactionStaging/Pods-ReactionStaging.release.xcconfig"; sourceTree = "<group>"; };
		7FF22C042D9A49F0553EF844 /* ReactionProduction.app */ = {isa = PBXFileReference; includeInIndex = 0; lastKnownFileType = wrapper.application; path = ReactionProduction.app; sourceTree = BUILT_PRODUCTS_DIR; };
		83C13089D0C6DE25BF8823A9 /* ReactionListRow.swift */ = {isa = PBXFileReference; lastKnownFileType = sourcecode.swift; path = ReactionListRow.swift; sourceTree = "<group>"; };
		8B40B025D4680BA224777E89 /* Pods-ReactionTests.debug.xcconfig */ = {isa = PBXFileReference; includeInIndex = 1; lastKnownFileType = text.xcconfig; name = "Pods-ReactionTests.debug.xcconfig"; path = "Target Support Files/Pods-ReactionTests/Pods-ReactionTests.debug.xcconfig"; sourceTree = "<group>"; };
		96F390252618EEDE9D745B8E /* Pods_ReactionStaging.framework */ = {isa = PBXFileReference; explicitFileType = wrapper.framework; includeInIndex = 0; path = Pods_ReactionStaging.framework; sourceTree = BUILT_PRODUCTS_DIR; };
		98134D25E6C40541CA873755 /* Info.plist */ = {isa = PBXFileReference; lastKnownFileType = text.plist; path = Info.plist; sourceTree = "<group>"; };
		999A40A0A5F65F2B0F90E30C /* Info.plist */ = {isa = PBXFileReference; lastKnownFileType = text.plist; path = Info.plist; sourceTree = "<group>"; };
		9AB42917F5091A51E5570E10 /* ReactionListViewModel.swift */ = {isa = PBXFileReference; lastKnownFileType = sourcecode.swift; path = ReactionListViewModel.swift; sourceTree = "<group>"; };
		B557BD048282884731A14DAA /* AppEnvironment.swift */ = {isa = PBXFileReference; lastKnownFileType = sourcecode.swift; path = AppEnvironment.swift; sourceTree = "<group>"; };
		B8456308BB89DEA250F12BC7 /* reactionTests.swift */ = {isa = PBXFileReference; lastKnownFileType = sourcecode.swift; path = reactionTests.swift; sourceTree = "<group>"; };
		C05D1BF52B50C74D0DF9744A /* ReactionUITests.xctest */ = {isa = PBXFileReference; includeInIndex = 0; lastKnownFileType = wrapper.cfbundle; path = ReactionUITests.xctest; sourceTree = BUILT_PRODUCTS_DIR; };
		D03893401CFF66E562D5A4A1 /* reactionApp.swift */ = {isa = PBXFileReference; lastKnownFileType = sourcecode.swift; path = reactionApp.swift; sourceTree = "<group>"; };
		D112C626F83B3AC8914B3739 /* ReactionTests.xctest */ = {isa = PBXFileReference; includeInIndex = 0; lastKnownFileType = wrapper.cfbundle; path = ReactionTests.xctest; sourceTree = BUILT_PRODUCTS_DIR; };
		E4C339D1827D88C716A18328 /* ReactionLocal.app */ = {isa = PBXFileReference; includeInIndex = 0; lastKnownFileType = wrapper.application; path = ReactionLocal.app; sourceTree = BUILT_PRODUCTS_DIR; };
		E5079AA6B35BD3FAC3445D68 /* Pods_ReactionUITests.framework */ = {isa = PBXFileReference; explicitFileType = wrapper.framework; includeInIndex = 0; path = Pods_ReactionUITests.framework; sourceTree = BUILT_PRODUCTS_DIR; };
		EB8731F08218541CF051737F /* Pods-ReactionUITests.debug.xcconfig */ = {isa = PBXFileReference; includeInIndex = 1; lastKnownFileType = text.xcconfig; name = "Pods-ReactionUITests.debug.xcconfig"; path = "Target Support Files/Pods-ReactionUITests/Pods-ReactionUITests.debug.xcconfig"; sourceTree = "<group>"; };
		EFD3B77781071EFF9A50F41D /* Info.plist */ = {isa = PBXFileReference; lastKnownFileType = text.plist; path = Info.plist; sourceTree = "<group>"; };
		FDFF6C4D440E2C4CAFD16518 /* ReactionListConfigView.swift */ = {isa = PBXFileReference; lastKnownFileType = sourcecode.swift; path = ReactionListConfigView.swift; sourceTree = "<group>"; };
		FEEC2D6B432A5305230EE384 /* reactionUITests.swift */ = {isa = PBXFileReference; lastKnownFileType = sourcecode.swift; path = reactionUITests.swift; sourceTree = "<group>"; };
/* End PBXFileReference section */

/* Begin PBXFrameworksBuildPhase section */
		46C1F46AA9C9E90277733F8C /* Frameworks */ = {
			isa = PBXFrameworksBuildPhase;
			buildActionMask = 2147483647;
			files = (
				8860F581447495CF9A929473 /* Pods_ReactionUITests.framework in Frameworks */,
			);
			runOnlyForDeploymentPostprocessing = 0;
		};
		530113543085C6FC69920214 /* Frameworks */ = {
			isa = PBXFrameworksBuildPhase;
			buildActionMask = 2147483647;
			files = (
				A3BB207B28C45A6BD43AC096 /* BuildFile in Frameworks */,
				5D4D0F55A9ED9562915FDD5A /* AdSupport.framework in Frameworks */,
				3646DE9B07273C8B957EB79A /* AppTrackingTransparency.framework in Frameworks */,
				A3499461BC27463A59B41488 /* Pods_ReactionLocal.framework in Frameworks */,
			);
			runOnlyForDeploymentPostprocessing = 0;
		};
		7931488D0D0401818DDBF983 /* Frameworks */ = {
			isa = PBXFrameworksBuildPhase;
			buildActionMask = 2147483647;
			files = (
				17DF4F9F4F5B3A5BC959A132 /* Pods_ReactionTests.framework in Frameworks */,
			);
			runOnlyForDeploymentPostprocessing = 0;
		};
		8D970938DFEF8B8FAB1EB83C /* Frameworks */ = {
			isa = PBXFrameworksBuildPhase;
			buildActionMask = 2147483647;
			files = (
				F9FC6C761135AEF976BB0098 /* BuildFile in Frameworks */,
				5111AA2532DEACBA7940DA27 /* AdSupport.framework in Frameworks */,
				155A087D065D51CAA96CE7C0 /* AppTrackingTransparency.framework in Frameworks */,
				DE20609AB99CA8052CD7E8A9 /* Pods_ReactionStaging.framework in Frameworks */,
			);
			runOnlyForDeploymentPostprocessing = 0;
		};
		AFB4F31A84D55E2CC7F7232B /* Frameworks */ = {
			isa = PBXFrameworksBuildPhase;
			buildActionMask = 2147483647;
			files = (
				E71118F8FAD8A32CF602A56C /* BuildFile in Frameworks */,
				E3185194A441384B627A91B1 /* AdSupport.framework in Frameworks */,
				0661213DD110A9B985140810 /* AppTrackingTransparency.framework in Frameworks */,
				91803F78CDA1F1F47DEC58EF /* Pods_ReactionProduction.framework in Frameworks */,
			);
			runOnlyForDeploymentPostprocessing = 0;
		};
/* End PBXFrameworksBuildPhase section */

/* Begin PBXGroup section */
		13BAAD49FB86AB2BFE6235AF /* Entity */ = {
			isa = PBXGroup;
			children = (
				3AE9E3471F6D1FE807B72368 /* Mockable.swift */,
				449C0CC9D039F2045C23C74E /* ReactionMechanism.swift */,
			);
			path = Entity;
			sourceTree = "<group>";
		};
		2E657EC422A8D6B9A75A08BC /* Admob */ = {
			isa = PBXGroup;
			children = (
				68EADEB1455C4ED5E5E8427D /* AdmobBannerView.swift */,
			);
			path = Admob;
			sourceTree = "<group>";
		};
		3FB08EF7A11331CDDE92D410 /* ReactionUITests */ = {
			isa = PBXGroup;
			children = (
				999A40A0A5F65F2B0F90E30C /* Info.plist */,
				FEEC2D6B432A5305230EE384 /* reactionUITests.swift */,
			);
			path = ReactionUITests;
			sourceTree = "<group>";
		};
		5278C5EAB26F1478C4863952 /* Developer */ = {
			isa = PBXGroup;
			children = (
				0C2EA1800E7D9F00C3E43A4C /* DeveloperRow.swift */,
				48CABE540BB1CECDD737F835 /* DeveloperView.swift */,
			);
			path = Developer;
			sourceTree = "<group>";
		};
		528B1ED43CF2C248BB025B03 /* ReactionDetail */ = {
			isa = PBXGroup;
			children = (
				0B5126E3C330F024DE6113A2 /* ReactionDetailView.swift */,
			);
			path = ReactionDetail;
			sourceTree = "<group>";
		};
		5DFFD7251A3542E0DF31AD17 /* Pods */ = {
			isa = PBXGroup;
			children = (
				5EF928735AE5D521F858CA24 /* Pods-ReactionLocal.debug.xcconfig */,
				355AE534D9B4621FC2D6B669 /* Pods-ReactionLocal.release.xcconfig */,
				0241A8246B900178EB8580EF /* Pods-ReactionProduction.debug.xcconfig */,
				11D730A843005F74E4D93EF3 /* Pods-ReactionProduction.release.xcconfig */,
				6253690FF5ADAFEA31E445C2 /* Pods-ReactionStaging.debug.xcconfig */,
				7E3D6116197A8B2BFEF20FE6 /* Pods-ReactionStaging.release.xcconfig */,
				8B40B025D4680BA224777E89 /* Pods-ReactionTests.debug.xcconfig */,
				5217FDFF45BA7075B0E1577B /* Pods-ReactionTests.release.xcconfig */,
				EB8731F08218541CF051737F /* Pods-ReactionUITests.debug.xcconfig */,
				70BCAB3E4F527884AD9D7087 /* Pods-ReactionUITests.release.xcconfig */,
			);
			name = Pods;
			path = Pods;
			sourceTree = "<group>";
		};
		5E3003A0225594C4529F385A /* Enviroment */ = {
			isa = PBXGroup;
			children = (
				B557BD048282884731A14DAA /* AppEnvironment.swift */,
			);
			path = Enviroment;
			sourceTree = "<group>";
		};
		618694E15DFEFFC9356A5B86 /* ReactionListConfig */ = {
			isa = PBXGroup;
			children = (
				FDFF6C4D440E2C4CAFD16518 /* ReactionListConfigView.swift */,
			);
			path = ReactionListConfig;
			sourceTree = "<group>";
		};
		6507BB3A51808F4EBD59D238 /* ReactionList */ = {
			isa = PBXGroup;
			children = (
				83C13089D0C6DE25BF8823A9 /* ReactionListRow.swift */,
				6F8BFCF67CC863DA1470B630 /* ReactionListView.swift */,
				9AB42917F5091A51E5570E10 /* ReactionListViewModel.swift */,
			);
			path = ReactionList;
			sourceTree = "<group>";
		};
		6EA119F35EA2B9037A31CBCE /* Preview Content */ = {
			isa = PBXGroup;
			children = (
				6D290D58BCFC8E2C7E1A69A0 /* Preview Assets.xcassets */,
			);
			path = "Preview Content";
			sourceTree = "<group>";
		};
		83CFD68FDB0FAE0C25B3770E /* ReactionDetailFullScreen */ = {
			isa = PBXGroup;
			children = (
				4640E76DEA35B7B82D9B271E /* ReactionDetailFullScreenView.swift */,
			);
			path = ReactionDetailFullScreen;
			sourceTree = "<group>";
		};
		912F9A7F1E115C7087051DAC /* Repository */ = {
			isa = PBXGroup;
			children = (
				68D99AEE1CCDF079DD19647C /* UserDefaultRepository.swift */,
			);
			path = Repository;
			sourceTree = "<group>";
		};
		9774B37CB8DE19C5ABEC8571 /* ReactionDetailContent */ = {
			isa = PBXGroup;
			children = (
				3356A098B64188C6EA688229 /* ReactionDetailContent.swift */,
			);
			path = ReactionDetailContent;
			sourceTree = "<group>";
		};
		A006F207F3C8E370B378BCDA = {
			isa = PBXGroup;
			children = (
				D1DBA7E24FB9A47FE6C374A0 /* reaction */,
				F0A33A635BFBA55138A9C70F /* ReactionTests */,
				3FB08EF7A11331CDDE92D410 /* ReactionUITests */,
				AE4FF753635B8BB12428426E /* Frameworks */,
				ECDA4F8FEDC0FFBC84E0CBAC /* Products */,
				5DFFD7251A3542E0DF31AD17 /* Pods */,
			);
			sourceTree = "<group>";
		};
		AE4FF753635B8BB12428426E /* Frameworks */ = {
			isa = PBXGroup;
			children = (
				3E850BDCAC4CB1A4437CDB7A /* AdSupport.framework */,
				762AF62B0B39027F6DD04D99 /* AppTrackingTransparency.framework */,
				3A8A1DA40A556A375FC2C039 /* Pods_ReactionLocal.framework */,
				6A2E501DF79CEC749826FB2A /* Pods_ReactionProduction.framework */,
				96F390252618EEDE9D745B8E /* Pods_ReactionStaging.framework */,
				49C2391B99BA8FB8D6FCF9B1 /* Pods_ReactionTests.framework */,
				E5079AA6B35BD3FAC3445D68 /* Pods_ReactionUITests.framework */,
			);
			name = Frameworks;
			sourceTree = "<group>";
		};
		B1D92511D1E000697EF11F51 /* Generated */ = {
			isa = PBXGroup;
			children = (
				55009637E5930F1D8EDE1777 /* R.generated.swift */,
			);
			path = Generated;
			sourceTree = "<group>";
		};
		D1DBA7E24FB9A47FE6C374A0 /* reaction */ = {
			isa = PBXGroup;
			children = (
				217EE3AF8EB7D35F296203E9 /* Assets.xcassets */,
				160773AE411048D7FC5EFD5C /* Config.swift */,
				1186FF34AFC8E4534A4517E6 /* GoogleService-Info.plist */,
				98134D25E6C40541CA873755 /* Info.plist */,
				D03893401CFF66E562D5A4A1 /* reactionApp.swift */,
				13BAAD49FB86AB2BFE6235AF /* Entity */,
				5E3003A0225594C4529F385A /* Enviroment */,
				B1D92511D1E000697EF11F51 /* Generated */,
				6EA119F35EA2B9037A31CBCE /* Preview Content */,
				912F9A7F1E115C7087051DAC /* Repository */,
				F51A5F4FC89BBB0BA341EB34 /* View */,
			);
			path = reaction;
			sourceTree = "<group>";
		};
		ECDA4F8FEDC0FFBC84E0CBAC /* Products */ = {
			isa = PBXGroup;
			children = (
				E4C339D1827D88C716A18328 /* ReactionLocal.app */,
				7FF22C042D9A49F0553EF844 /* ReactionProduction.app */,
				0921B04C796CD573D91B2A5A /* ReactionStaging.app */,
				D112C626F83B3AC8914B3739 /* ReactionTests.xctest */,
				C05D1BF52B50C74D0DF9744A /* ReactionUITests.xctest */,
			);
			name = Products;
			sourceTree = "<group>";
		};
		F0A33A635BFBA55138A9C70F /* ReactionTests */ = {
			isa = PBXGroup;
			children = (
				EFD3B77781071EFF9A50F41D /* Info.plist */,
				B8456308BB89DEA250F12BC7 /* reactionTests.swift */,
			);
			path = ReactionTests;
			sourceTree = "<group>";
		};
		F51A5F4FC89BBB0BA341EB34 /* View */ = {
			isa = PBXGroup;
			children = (
				2E657EC422A8D6B9A75A08BC /* Admob */,
				5278C5EAB26F1478C4863952 /* Developer */,
				528B1ED43CF2C248BB025B03 /* ReactionDetail */,
				9774B37CB8DE19C5ABEC8571 /* ReactionDetailContent */,
				83CFD68FDB0FAE0C25B3770E /* ReactionDetailFullScreen */,
				6507BB3A51808F4EBD59D238 /* ReactionList */,
				618694E15DFEFFC9356A5B86 /* ReactionListConfig */,
			);
			path = View;
			sourceTree = "<group>";
		};
/* End PBXGroup section */

/* Begin PBXNativeTarget section */
		08F1A73B931686FEB7ECD64C /* ReactionLocal */ = {
			isa = PBXNativeTarget;
			buildConfigurationList = FBE72C4F53EEC28A95B23BBB /* Build configuration list for PBXNativeTarget "ReactionLocal" */;
			buildPhases = (
				F15F349BC3FC2D59A69ECCAF /* [CP] Check Pods Manifest.lock */,
				70ECDF397D45FA182F558F46 /* R.swift */,
				9BAF17A5440C9589E271CAC9 /* Sources */,
				BCC355DFE7855DA33946E3FD /* Resources */,
				530113543085C6FC69920214 /* Frameworks */,
				6A432F0B41116105625AA571 /* [CP] Embed Pods Frameworks */,
			);
			buildRules = (
			);
			dependencies = (
			);
			name = ReactionLocal;
			packageProductDependencies = (
				D30B44F7C4E10B9ED9994C89 /* SwiftPackageProductDependency */,
			);
			productName = ReactionLocal;
			productReference = E4C339D1827D88C716A18328 /* ReactionLocal.app */;
			productType = "com.apple.product-type.application";
		};
		40EA53A8C51516100E147688 /* ReactionUITests */ = {
			isa = PBXNativeTarget;
			buildConfigurationList = 6C7933787E2905B65DE0B0D6 /* Build configuration list for PBXNativeTarget "ReactionUITests" */;
			buildPhases = (
				55D8D95871C237EA23E47721 /* [CP] Check Pods Manifest.lock */,
				C13FF0C0F18585D29FF2FE87 /* Sources */,
				46C1F46AA9C9E90277733F8C /* Frameworks */,
			);
			buildRules = (
			);
			dependencies = (
				062773031F88FF4928B027D3 /* PBXTargetDependency */,
			);
			name = ReactionUITests;
			productName = ReactionUITests;
			productReference = C05D1BF52B50C74D0DF9744A /* ReactionUITests.xctest */;
			productType = "com.apple.product-type.bundle.ui-testing";
		};
		414B64E78628F72E3BD58D65 /* ReactionStaging */ = {
			isa = PBXNativeTarget;
			buildConfigurationList = 2CDED398DFCFFB0317E79D74 /* Build configuration list for PBXNativeTarget "ReactionStaging" */;
			buildPhases = (
				069FB76F1A23F3FE74FB750D /* [CP] Check Pods Manifest.lock */,
				8F2D2C79BBA7191496C46BC9 /* R.swift */,
				6C73CB7AB7632E12A9BAD4D0 /* Sources */,
				9C53CA80FCC2B427F6475DDE /* Resources */,
				8D970938DFEF8B8FAB1EB83C /* Frameworks */,
				0D73AE6426CC599CA8048BD7 /* [CP] Embed Pods Frameworks */,
			);
			buildRules = (
			);
			dependencies = (
			);
			name = ReactionStaging;
			packageProductDependencies = (
				2C43CAE6CA59E22F91832911 /* SwiftPackageProductDependency */,
			);
			productName = ReactionStaging;
			productReference = 0921B04C796CD573D91B2A5A /* ReactionStaging.app */;
			productType = "com.apple.product-type.application";
		};
		4C2414EF6DA5FF98A05A4053 /* ReactionTests */ = {
			isa = PBXNativeTarget;
			buildConfigurationList = BE510160FDB1542CBEB88AB4 /* Build configuration list for PBXNativeTarget "ReactionTests" */;
			buildPhases = (
				109F7C50047062E7264F3A40 /* [CP] Check Pods Manifest.lock */,
				A1EF97D911B710ABF27E3F84 /* Sources */,
				7931488D0D0401818DDBF983 /* Frameworks */,
			);
			buildRules = (
			);
			dependencies = (
				F1D3B2A89318DE0F0F495011 /* PBXTargetDependency */,
			);
			name = ReactionTests;
			productName = ReactionTests;
			productReference = D112C626F83B3AC8914B3739 /* ReactionTests.xctest */;
			productType = "com.apple.product-type.bundle.unit-test";
		};
		D2B583F4E77B4CDA53240C56 /* ReactionProduction */ = {
			isa = PBXNativeTarget;
			buildConfigurationList = 78814B0453AB00B120237DC9 /* Build configuration list for PBXNativeTarget "ReactionProduction" */;
			buildPhases = (
				13D2F1A0F0B680CDBD1C2BE0 /* [CP] Check Pods Manifest.lock */,
				A891B247A62216688E6FC9AC /* R.swift */,
				FE61B99AEE62E455D7EC9BAA /* Sources */,
				1E8B4C2465632996DDA8CC13 /* Resources */,
				AFB4F31A84D55E2CC7F7232B /* Frameworks */,
				B58F4FD10720B439AF7C2520 /* [CP] Embed Pods Frameworks */,
			);
			buildRules = (
			);
			dependencies = (
			);
			name = ReactionProduction;
			packageProductDependencies = (
				67DEDBA56812833BDF1ACF9D /* SwiftPackageProductDependency */,
			);
			productName = ReactionProduction;
			productReference = 7FF22C042D9A49F0553EF844 /* ReactionProduction.app */;
			productType = "com.apple.product-type.application";
		};
/* End PBXNativeTarget section */

/* Begin PBXProject section */
		854B2B81A8B61CA930C77964 /* Project object */ = {
			isa = PBXProject;
			attributes = {
				LastUpgradeCheck = 1200;
				TargetAttributes = {
					08F1A73B931686FEB7ECD64C = {
						DevelopmentTeam = 5RH346BQ66;
						ProvisioningStyle = Automatic;
					};
					40EA53A8C51516100E147688 = {
						TestTargetID = 08F1A73B931686FEB7ECD64C;
					};
					414B64E78628F72E3BD58D65 = {
						DevelopmentTeam = 5RH346BQ66;
						ProvisioningStyle = Automatic;
					};
					D2B583F4E77B4CDA53240C56 = {
						DevelopmentTeam = 5RH346BQ66;
						ProvisioningStyle = Automatic;
					};
				};
			};
			buildConfigurationList = D8D4DEF02CD8F474B9D1A8BB /* Build configuration list for PBXProject "Reaction" */;
			compatibilityVersion = "Xcode 10.0";
			developmentRegion = en;
			hasScannedForEncodings = 0;
			knownRegions = (
				Base,
				en,
			);
			mainGroup = A006F207F3C8E370B378BCDA;
			packageReferences = (
				0C698C555AB30D1BAE4E53E3 /* RemoteSwiftPackageReference */,
			);
			productRefGroup = ECDA4F8FEDC0FFBC84E0CBAC /* Products */;
			projectDirPath = "";
			projectRoot = "";
			targets = (
				08F1A73B931686FEB7ECD64C /* ReactionLocal */,
				D2B583F4E77B4CDA53240C56 /* ReactionProduction */,
				414B64E78628F72E3BD58D65 /* ReactionStaging */,
				4C2414EF6DA5FF98A05A4053 /* ReactionTests */,
				40EA53A8C51516100E147688 /* ReactionUITests */,
			);
		};
/* End PBXProject section */

/* Begin PBXResourcesBuildPhase section */
		1E8B4C2465632996DDA8CC13 /* Resources */ = {
			isa = PBXResourcesBuildPhase;
			buildActionMask = 2147483647;
			files = (
				60DC57909DDB7DC4EFD55B62 /* Assets.xcassets in Resources */,
				8B88E0C0404B2F3B9CD9DB7F /* GoogleService-Info.plist in Resources */,
				4696509314A7D507C120E634 /* Preview Assets.xcassets in Resources */,
			);
			runOnlyForDeploymentPostprocessing = 0;
		};
		9C53CA80FCC2B427F6475DDE /* Resources */ = {
			isa = PBXResourcesBuildPhase;
			buildActionMask = 2147483647;
			files = (
				90E70B3B8C2B6222BA15025C /* Assets.xcassets in Resources */,
				668795F6B9E0F1C28C1B7AD2 /* GoogleService-Info.plist in Resources */,
				910522D57FD4C5CC066CA988 /* Preview Assets.xcassets in Resources */,
			);
			runOnlyForDeploymentPostprocessing = 0;
		};
		BCC355DFE7855DA33946E3FD /* Resources */ = {
			isa = PBXResourcesBuildPhase;
			buildActionMask = 2147483647;
			files = (
				F21BD9BEECFB1F3FEA29DEF9 /* Assets.xcassets in Resources */,
				AE7D345F811EB320F77C2987 /* GoogleService-Info.plist in Resources */,
				4B24B9722ED3D8D19413DB70 /* Preview Assets.xcassets in Resources */,
			);
			runOnlyForDeploymentPostprocessing = 0;
		};
/* End PBXResourcesBuildPhase section */

/* Begin PBXShellScriptBuildPhase section */
		069FB76F1A23F3FE74FB750D /* [CP] Check Pods Manifest.lock */ = {
			isa = PBXShellScriptBuildPhase;
			buildActionMask = 2147483647;
			files = (
			);
			inputFileListPaths = (
			);
			inputPaths = (
				"${PODS_PODFILE_DIR_PATH}/Podfile.lock",
				"${PODS_ROOT}/Manifest.lock",
			);
			name = "[CP] Check Pods Manifest.lock";
			outputFileListPaths = (
			);
			outputPaths = (
				"$(DERIVED_FILE_DIR)/Pods-ReactionStaging-checkManifestLockResult.txt",
			);
			runOnlyForDeploymentPostprocessing = 0;
			shellPath = /bin/sh;
			shellScript = "diff \"${PODS_PODFILE_DIR_PATH}/Podfile.lock\" \"${PODS_ROOT}/Manifest.lock\" > /dev/null\nif [ $? != 0 ] ; then\n    # print error to STDERR\n    echo \"error: The sandbox is not in sync with the Podfile.lock. Run 'pod install' or update your CocoaPods installation.\" >&2\n    exit 1\nfi\n# This output is used by Xcode 'outputs' to avoid re-running this script phase.\necho \"SUCCESS\" > \"${SCRIPT_OUTPUT_FILE_0}\"\n";
			showEnvVarsInLog = 0;
		};
		0D73AE6426CC599CA8048BD7 /* [CP] Embed Pods Frameworks */ = {
			isa = PBXShellScriptBuildPhase;
			buildActionMask = 2147483647;
			files = (
			);
			inputFileListPaths = (
				"${PODS_ROOT}/Target Support Files/Pods-ReactionStaging/Pods-ReactionStaging-frameworks-${CONFIGURATION}-input-files.xcfilelist",
			);
			name = "[CP] Embed Pods Frameworks";
			outputFileListPaths = (
				"${PODS_ROOT}/Target Support Files/Pods-ReactionStaging/Pods-ReactionStaging-frameworks-${CONFIGURATION}-output-files.xcfilelist",
			);
			runOnlyForDeploymentPostprocessing = 0;
			shellPath = /bin/sh;
			shellScript = "\"${PODS_ROOT}/Target Support Files/Pods-ReactionStaging/Pods-ReactionStaging-frameworks.sh\"\n";
			showEnvVarsInLog = 0;
		};
		109F7C50047062E7264F3A40 /* [CP] Check Pods Manifest.lock */ = {
			isa = PBXShellScriptBuildPhase;
			buildActionMask = 2147483647;
			files = (
			);
			inputFileListPaths = (
			);
			inputPaths = (
				"${PODS_PODFILE_DIR_PATH}/Podfile.lock",
				"${PODS_ROOT}/Manifest.lock",
			);
			name = "[CP] Check Pods Manifest.lock";
			outputFileListPaths = (
			);
			outputPaths = (
				"$(DERIVED_FILE_DIR)/Pods-ReactionTests-checkManifestLockResult.txt",
			);
			runOnlyForDeploymentPostprocessing = 0;
			shellPath = /bin/sh;
			shellScript = "diff \"${PODS_PODFILE_DIR_PATH}/Podfile.lock\" \"${PODS_ROOT}/Manifest.lock\" > /dev/null\nif [ $? != 0 ] ; then\n    # print error to STDERR\n    echo \"error: The sandbox is not in sync with the Podfile.lock. Run 'pod install' or update your CocoaPods installation.\" >&2\n    exit 1\nfi\n# This output is used by Xcode 'outputs' to avoid re-running this script phase.\necho \"SUCCESS\" > \"${SCRIPT_OUTPUT_FILE_0}\"\n";
			showEnvVarsInLog = 0;
		};
		13D2F1A0F0B680CDBD1C2BE0 /* [CP] Check Pods Manifest.lock */ = {
			isa = PBXShellScriptBuildPhase;
			buildActionMask = 2147483647;
			files = (
			);
			inputFileListPaths = (
			);
			inputPaths = (
				"${PODS_PODFILE_DIR_PATH}/Podfile.lock",
				"${PODS_ROOT}/Manifest.lock",
			);
			name = "[CP] Check Pods Manifest.lock";
			outputFileListPaths = (
			);
			outputPaths = (
				"$(DERIVED_FILE_DIR)/Pods-ReactionProduction-checkManifestLockResult.txt",
			);
			runOnlyForDeploymentPostprocessing = 0;
			shellPath = /bin/sh;
			shellScript = "diff \"${PODS_PODFILE_DIR_PATH}/Podfile.lock\" \"${PODS_ROOT}/Manifest.lock\" > /dev/null\nif [ $? != 0 ] ; then\n    # print error to STDERR\n    echo \"error: The sandbox is not in sync with the Podfile.lock. Run 'pod install' or update your CocoaPods installation.\" >&2\n    exit 1\nfi\n# This output is used by Xcode 'outputs' to avoid re-running this script phase.\necho \"SUCCESS\" > \"${SCRIPT_OUTPUT_FILE_0}\"\n";
			showEnvVarsInLog = 0;
		};
		55D8D95871C237EA23E47721 /* [CP] Check Pods Manifest.lock */ = {
			isa = PBXShellScriptBuildPhase;
			buildActionMask = 2147483647;
			files = (
			);
			inputFileListPaths = (
			);
			inputPaths = (
				"${PODS_PODFILE_DIR_PATH}/Podfile.lock",
				"${PODS_ROOT}/Manifest.lock",
			);
			name = "[CP] Check Pods Manifest.lock";
			outputFileListPaths = (
			);
			outputPaths = (
				"$(DERIVED_FILE_DIR)/Pods-ReactionUITests-checkManifestLockResult.txt",
			);
			runOnlyForDeploymentPostprocessing = 0;
			shellPath = /bin/sh;
			shellScript = "diff \"${PODS_PODFILE_DIR_PATH}/Podfile.lock\" \"${PODS_ROOT}/Manifest.lock\" > /dev/null\nif [ $? != 0 ] ; then\n    # print error to STDERR\n    echo \"error: The sandbox is not in sync with the Podfile.lock. Run 'pod install' or update your CocoaPods installation.\" >&2\n    exit 1\nfi\n# This output is used by Xcode 'outputs' to avoid re-running this script phase.\necho \"SUCCESS\" > \"${SCRIPT_OUTPUT_FILE_0}\"\n";
			showEnvVarsInLog = 0;
		};
		6A432F0B41116105625AA571 /* [CP] Embed Pods Frameworks */ = {
			isa = PBXShellScriptBuildPhase;
			buildActionMask = 2147483647;
			files = (
			);
			inputFileListPaths = (
				"${PODS_ROOT}/Target Support Files/Pods-ReactionLocal/Pods-ReactionLocal-frameworks-${CONFIGURATION}-input-files.xcfilelist",
			);
			name = "[CP] Embed Pods Frameworks";
			outputFileListPaths = (
				"${PODS_ROOT}/Target Support Files/Pods-ReactionLocal/Pods-ReactionLocal-frameworks-${CONFIGURATION}-output-files.xcfilelist",
			);
			runOnlyForDeploymentPostprocessing = 0;
			shellPath = /bin/sh;
			shellScript = "\"${PODS_ROOT}/Target Support Files/Pods-ReactionLocal/Pods-ReactionLocal-frameworks.sh\"\n";
			showEnvVarsInLog = 0;
		};
		70ECDF397D45FA182F558F46 /* R.swift */ = {
			isa = PBXShellScriptBuildPhase;
			buildActionMask = 2147483647;
			files = (
			);
			inputFileListPaths = (
			);
			inputPaths = (
				"$TEMP_DIR/rswift-lastrun",
			);
			name = R.swift;
			outputFileListPaths = (
			);
			outputPaths = (
				"$SRCROOT/Reaction/Generated/R.generated.swift",
			);
			runOnlyForDeploymentPostprocessing = 0;
			shellPath = /bin/sh;
			shellScript = ./Scripts/BuildPhases/rswift.sh;
		};
		8F2D2C79BBA7191496C46BC9 /* R.swift */ = {
			isa = PBXShellScriptBuildPhase;
			buildActionMask = 2147483647;
			files = (
			);
			inputFileListPaths = (
			);
			inputPaths = (
				"$TEMP_DIR/rswift-lastrun",
			);
			name = R.swift;
			outputFileListPaths = (
			);
			outputPaths = (
				"$SRCROOT/Reaction/Generated/R.generated.swift",
			);
			runOnlyForDeploymentPostprocessing = 0;
			shellPath = /bin/sh;
			shellScript = ./Scripts/BuildPhases/rswift.sh;
		};
		A891B247A62216688E6FC9AC /* R.swift */ = {
			isa = PBXShellScriptBuildPhase;
			buildActionMask = 2147483647;
			files = (
			);
			inputFileListPaths = (
			);
			inputPaths = (
				"$TEMP_DIR/rswift-lastrun",
			);
			name = R.swift;
			outputFileListPaths = (
			);
			outputPaths = (
				"$SRCROOT/Reaction/Generated/R.generated.swift",
			);
			runOnlyForDeploymentPostprocessing = 0;
			shellPath = /bin/sh;
			shellScript = ./Scripts/BuildPhases/rswift.sh;
		};
		B58F4FD10720B439AF7C2520 /* [CP] Embed Pods Frameworks */ = {
			isa = PBXShellScriptBuildPhase;
			buildActionMask = 2147483647;
			files = (
			);
			inputFileListPaths = (
				"${PODS_ROOT}/Target Support Files/Pods-ReactionProduction/Pods-ReactionProduction-frameworks-${CONFIGURATION}-input-files.xcfilelist",
			);
			name = "[CP] Embed Pods Frameworks";
			outputFileListPaths = (
				"${PODS_ROOT}/Target Support Files/Pods-ReactionProduction/Pods-ReactionProduction-frameworks-${CONFIGURATION}-output-files.xcfilelist",
			);
			runOnlyForDeploymentPostprocessing = 0;
			shellPath = /bin/sh;
			shellScript = "\"${PODS_ROOT}/Target Support Files/Pods-ReactionProduction/Pods-ReactionProduction-frameworks.sh\"\n";
			showEnvVarsInLog = 0;
		};
		F15F349BC3FC2D59A69ECCAF /* [CP] Check Pods Manifest.lock */ = {
			isa = PBXShellScriptBuildPhase;
			buildActionMask = 2147483647;
			files = (
			);
			inputFileListPaths = (
			);
			inputPaths = (
				"${PODS_PODFILE_DIR_PATH}/Podfile.lock",
				"${PODS_ROOT}/Manifest.lock",
			);
			name = "[CP] Check Pods Manifest.lock";
			outputFileListPaths = (
			);
			outputPaths = (
				"$(DERIVED_FILE_DIR)/Pods-ReactionLocal-checkManifestLockResult.txt",
			);
			runOnlyForDeploymentPostprocessing = 0;
			shellPath = /bin/sh;
			shellScript = "diff \"${PODS_PODFILE_DIR_PATH}/Podfile.lock\" \"${PODS_ROOT}/Manifest.lock\" > /dev/null\nif [ $? != 0 ] ; then\n    # print error to STDERR\n    echo \"error: The sandbox is not in sync with the Podfile.lock. Run 'pod install' or update your CocoaPods installation.\" >&2\n    exit 1\nfi\n# This output is used by Xcode 'outputs' to avoid re-running this script phase.\necho \"SUCCESS\" > \"${SCRIPT_OUTPUT_FILE_0}\"\n";
			showEnvVarsInLog = 0;
		};
/* End PBXShellScriptBuildPhase section */

/* Begin PBXSourcesBuildPhase section */
		6C73CB7AB7632E12A9BAD4D0 /* Sources */ = {
			isa = PBXSourcesBuildPhase;
			buildActionMask = 2147483647;
			files = (
				CABA49D35A8174D9D84BC268 /* AdmobBannerView.swift in Sources */,
				5B27D16FAA0EBE445E994F9B /* AppEnvironment.swift in Sources */,
				50681E8BAD38A3E4A66FEBA7 /* Config.swift in Sources */,
				09D60572525E223F8CE27DC1 /* DeveloperRow.swift in Sources */,
				CBC369B300E55F9C783DED83 /* DeveloperView.swift in Sources */,
				6D8336A7FD2972BDBBC17A50 /* Mockable.swift in Sources */,
				936C5C266CC6ACD23776F176 /* R.generated.swift in Sources */,
				10AF3C08617A1D6D83DE70C6 /* ReactionDetailContent.swift in Sources */,
				4C1A5D182F24C36FBCAB4F44 /* ReactionDetailFullScreenView.swift in Sources */,
				A1F9C06DF86CFF490C65C167 /* ReactionDetailView.swift in Sources */,
				A61AF39A44C88B94BC916D0C /* ReactionListConfigView.swift in Sources */,
				1707914CC52204B468C906A9 /* ReactionListRow.swift in Sources */,
				C9EA473E2ACECCDA9EC3527B /* ReactionListView.swift in Sources */,
				373394FA6A1F6C3AA2DE4BAB /* ReactionListViewModel.swift in Sources */,
				76E20CC0AD0D1E9B114DA46E /* ReactionMechanism.swift in Sources */,
				A80B77FEAEA1731AF3E55339 /* UserDefaultRepository.swift in Sources */,
				F3F4F855926B9BE164B84030 /* reactionApp.swift in Sources */,
			);
			runOnlyForDeploymentPostprocessing = 0;
		};
		9BAF17A5440C9589E271CAC9 /* Sources */ = {
			isa = PBXSourcesBuildPhase;
			buildActionMask = 2147483647;
			files = (
				915AFACA9817CC9AFDB1882A /* AdmobBannerView.swift in Sources */,
				853172AD9418BF9EB5AE4624 /* AppEnvironment.swift in Sources */,
				C3D20958AA8D51E400EF53C3 /* Config.swift in Sources */,
				2324790960F3093621893E12 /* DeveloperRow.swift in Sources */,
				BAACA74FDF8998270F8B1698 /* DeveloperView.swift in Sources */,
				1DE1981982D8DB2594B6C8B9 /* Mockable.swift in Sources */,
				9B2C3F338FDB881CC16F813C /* R.generated.swift in Sources */,
				E318BAE1A013066FD92CB8EF /* ReactionDetailContent.swift in Sources */,
				5B22F0D2D63DE71007884668 /* ReactionDetailFullScreenView.swift in Sources */,
				85E0CF598E1DD95AF0DABBCD /* ReactionDetailView.swift in Sources */,
				88751292880D04EF4752BE0E /* ReactionListConfigView.swift in Sources */,
				3EBF8ED0A2249EEB776DC220 /* ReactionListRow.swift in Sources */,
				8FBD12C76947DF90AC1DC7E6 /* ReactionListView.swift in Sources */,
				40D37499C1B1B732C5FCD0A3 /* ReactionListViewModel.swift in Sources */,
				97BB0CE67BEDB0A5934D84E6 /* ReactionMechanism.swift in Sources */,
				466A891738B10DE7287CC2C5 /* UserDefaultRepository.swift in Sources */,
				4FCA6AD7056FBAAEF5964C43 /* reactionApp.swift in Sources */,
			);
			runOnlyForDeploymentPostprocessing = 0;
		};
		A1EF97D911B710ABF27E3F84 /* Sources */ = {
			isa = PBXSourcesBuildPhase;
			buildActionMask = 2147483647;
			files = (
				FF400CC7673AAA6B62163FBC /* reactionTests.swift in Sources */,
			);
			runOnlyForDeploymentPostprocessing = 0;
		};
		C13FF0C0F18585D29FF2FE87 /* Sources */ = {
			isa = PBXSourcesBuildPhase;
			buildActionMask = 2147483647;
			files = (
				E54E9FC115AF306A858D736B /* reactionUITests.swift in Sources */,
			);
			runOnlyForDeploymentPostprocessing = 0;
		};
		FE61B99AEE62E455D7EC9BAA /* Sources */ = {
			isa = PBXSourcesBuildPhase;
			buildActionMask = 2147483647;
			files = (
				0A910C0B5E04BCE17BEA01CF /* AdmobBannerView.swift in Sources */,
				912497566881131A2D52941B /* AppEnvironment.swift in Sources */,
				77D6B4DD1D5AF6CD4195D8C0 /* Config.swift in Sources */,
				8E8342467C7CEFE447A57714 /* DeveloperRow.swift in Sources */,
				13B96D16C90B4469521C1C3B /* DeveloperView.swift in Sources */,
				A924C9D26EF5DB2E65AA3CD6 /* Mockable.swift in Sources */,
				4A4EB13833C88B00DE33BCC1 /* R.generated.swift in Sources */,
				CB55E159482029268574FBF2 /* ReactionDetailContent.swift in Sources */,
				198350E7C888F3A32011C476 /* ReactionDetailFullScreenView.swift in Sources */,
				22FEB7F6C05AD7F0FB2352C3 /* ReactionDetailView.swift in Sources */,
				AD85B1096C2195293FE8B844 /* ReactionListConfigView.swift in Sources */,
				9140273AEBF864CD06BAE5DF /* ReactionListRow.swift in Sources */,
				29C235B768505A3C9491C2F0 /* ReactionListView.swift in Sources */,
				CB6BB88C5514688406DAA204 /* ReactionListViewModel.swift in Sources */,
				3706DB8EE62296D01D244537 /* ReactionMechanism.swift in Sources */,
				F1E6B4C4FB24630E7E454775 /* UserDefaultRepository.swift in Sources */,
				A86C8A8774ECC1BD781B4149 /* reactionApp.swift in Sources */,
			);
			runOnlyForDeploymentPostprocessing = 0;
		};
/* End PBXSourcesBuildPhase section */

/* Begin PBXTargetDependency section */
		062773031F88FF4928B027D3 /* PBXTargetDependency */ = {
			isa = PBXTargetDependency;
			target = 08F1A73B931686FEB7ECD64C /* ReactionLocal */;
			targetProxy = F0E6169C191BF73744F17D8F /* PBXContainerItemProxy */;
		};
		F1D3B2A89318DE0F0F495011 /* PBXTargetDependency */ = {
			isa = PBXTargetDependency;
			target = 08F1A73B931686FEB7ECD64C /* ReactionLocal */;
			targetProxy = 833BEC497989AA4B4F9E622F /* PBXContainerItemProxy */;
		};
/* End PBXTargetDependency section */

/* Begin XCBuildConfiguration section */
		00ADBB1839F57C4CE94113BB /* Release */ = {
			isa = XCBuildConfiguration;
			baseConfigurationReference = 355AE534D9B4621FC2D6B669 /* Pods-ReactionLocal.release.xcconfig */;
			buildSettings = {
				ADMOB_UNIT_ID = "ca-app-pub-3940256099942544/2934735716";
				ASSETCATALOG_COMPILER_APPICON_NAME = "AppIcon-Local";
				CODE_SIGN_IDENTITY = "iPhone Developer";
				CODE_SIGN_STYLE = Automatic;
				CURRENT_PROJECT_VERSION = 1;
				DEVELOPMENT_TEAM = 5RH346BQ66;
				GAD_APPLICATION_IDENTIFER = "ca-app-pub-3940256099942544~1458002511";
				INFOPLIST_FILE = Reaction/Info.plist;
				IPHONEOS_DEPLOYMENT_TARGET = 14.0;
				LD_RUNPATH_SEARCH_PATHS = (
					"$(inherited)",
					"@executable_path/Frameworks",
				);
				MARKETING_VERSION = 2.1.0;
				PRODUCT_BUNDLE_IDENTIFIER = com.swiswiswift.Reaction;
				SDKROOT = iphoneos;
				TARGETED_DEVICE_FAMILY = 1;
			};
			name = Release;
		};
		0270DCFB1375CED47BD3BB0A /* Release */ = {
			isa = XCBuildConfiguration;
			baseConfigurationReference = 7E3D6116197A8B2BFEF20FE6 /* Pods-ReactionStaging.release.xcconfig */;
			buildSettings = {
				ADMOB_UNIT_ID = "ca-app-pub-3940256099942544/2934735716";
				ASSETCATALOG_COMPILER_APPICON_NAME = "AppIcon-Staging";
				CODE_SIGN_IDENTITY = "iPhone Developer";
				CODE_SIGN_STYLE = Automatic;
				CURRENT_PROJECT_VERSION = 1;
				DEVELOPMENT_TEAM = 5RH346BQ66;
				GAD_APPLICATION_IDENTIFER = "ca-app-pub-3940256099942544~1458002511";
				INFOPLIST_FILE = Reaction/Info.plist;
				IPHONEOS_DEPLOYMENT_TARGET = 14.0;
				LD_RUNPATH_SEARCH_PATHS = (
					"$(inherited)",
					"@executable_path/Frameworks",
				);
				MARKETING_VERSION = 2.1.0;
				PRODUCT_BUNDLE_IDENTIFIER = com.Reaction.staging;
				SDKROOT = iphoneos;
				TARGETED_DEVICE_FAMILY = 1;
			};
			name = Release;
		};
		21F13AA60EF7AF3724C60492 /* Release */ = {
			isa = XCBuildConfiguration;
			baseConfigurationReference = 5217FDFF45BA7075B0E1577B /* Pods-ReactionTests.release.xcconfig */;
			buildSettings = {
				BUNDLE_LOADER = "$(TEST_HOST)";
				INFOPLIST_FILE = ReactionTests/Info.plist;
				LD_RUNPATH_SEARCH_PATHS = (
					"$(inherited)",
					"@executable_path/Frameworks",
					"@loader_path/Frameworks",
				);
				SDKROOT = iphoneos;
				TARGETED_DEVICE_FAMILY = "1,2";
				TEST_HOST = "$(BUILT_PRODUCTS_DIR)/ReactionLocal.app/ReactionLocal";
			};
			name = Release;
		};
		25C28783699CA5065391AB4B /* Debug */ = {
			isa = XCBuildConfiguration;
			baseConfigurationReference = EB8731F08218541CF051737F /* Pods-ReactionUITests.debug.xcconfig */;
			buildSettings = {
				BUNDLE_LOADER = "$(TEST_HOST)";
				INFOPLIST_FILE = ReactionUITests/Info.plist;
				LD_RUNPATH_SEARCH_PATHS = (
					"$(inherited)",
					"@executable_path/Frameworks",
					"@loader_path/Frameworks",
				);
				SDKROOT = iphoneos;
				TARGETED_DEVICE_FAMILY = "1,2";
				TEST_TARGET_NAME = ReactionLocal;
			};
			name = Debug;
		};
		2B22E512AB5A34CF7BE6C68D /* Debug */ = {
			isa = XCBuildConfiguration;
			buildSettings = {
				ALWAYS_SEARCH_USER_PATHS = NO;
				CLANG_ANALYZER_NONNULL = YES;
				CLANG_ANALYZER_NUMBER_OBJECT_CONVERSION = YES_AGGRESSIVE;
				CLANG_CXX_LANGUAGE_STANDARD = "gnu++14";
				CLANG_CXX_LIBRARY = "libc++";
				CLANG_ENABLE_MODULES = YES;
				CLANG_ENABLE_OBJC_ARC = YES;
				CLANG_ENABLE_OBJC_WEAK = YES;
				CLANG_WARN_BLOCK_CAPTURE_AUTORELEASING = YES;
				CLANG_WARN_BOOL_CONVERSION = YES;
				CLANG_WARN_COMMA = YES;
				CLANG_WARN_CONSTANT_CONVERSION = YES;
				CLANG_WARN_DEPRECATED_OBJC_IMPLEMENTATIONS = YES;
				CLANG_WARN_DIRECT_OBJC_ISA_USAGE = YES_ERROR;
				CLANG_WARN_DOCUMENTATION_COMMENTS = YES;
				CLANG_WARN_EMPTY_BODY = YES;
				CLANG_WARN_ENUM_CONVERSION = YES;
				CLANG_WARN_INFINITE_RECURSION = YES;
				CLANG_WARN_INT_CONVERSION = YES;
				CLANG_WARN_NON_LITERAL_NULL_CONVERSION = YES;
				CLANG_WARN_OBJC_IMPLICIT_RETAIN_SELF = YES;
				CLANG_WARN_OBJC_LITERAL_CONVERSION = YES;
				CLANG_WARN_OBJC_ROOT_CLASS = YES_ERROR;
				CLANG_WARN_QUOTED_INCLUDE_IN_FRAMEWORK_HEADER = YES;
				CLANG_WARN_RANGE_LOOP_ANALYSIS = YES;
				CLANG_WARN_STRICT_PROTOTYPES = YES;
				CLANG_WARN_SUSPICIOUS_MOVE = YES;
				CLANG_WARN_UNGUARDED_AVAILABILITY = YES_AGGRESSIVE;
				CLANG_WARN_UNREACHABLE_CODE = YES;
				CLANG_WARN__DUPLICATE_METHOD_MATCH = YES;
				COPY_PHASE_STRIP = NO;
				DEBUG_INFORMATION_FORMAT = dwarf;
				ENABLE_STRICT_OBJC_MSGSEND = YES;
				ENABLE_TESTABILITY = YES;
				GCC_C_LANGUAGE_STANDARD = gnu11;
				GCC_DYNAMIC_NO_PIC = NO;
				GCC_NO_COMMON_BLOCKS = YES;
				GCC_OPTIMIZATION_LEVEL = 0;
				GCC_PREPROCESSOR_DEFINITIONS = (
					"$(inherited)",
					"DEBUG=1",
				);
				GCC_WARN_64_TO_32_BIT_CONVERSION = YES;
				GCC_WARN_ABOUT_RETURN_TYPE = YES_ERROR;
				GCC_WARN_UNDECLARED_SELECTOR = YES;
				GCC_WARN_UNINITIALIZED_AUTOS = YES_AGGRESSIVE;
				GCC_WARN_UNUSED_FUNCTION = YES;
				GCC_WARN_UNUSED_VARIABLE = YES;
				IPHONEOS_DEPLOYMENT_TARGET = 14.0;
				MTL_ENABLE_DEBUG_INFO = INCLUDE_SOURCE;
				MTL_FAST_MATH = YES;
				ONLY_ACTIVE_ARCH = YES;
				PRODUCT_NAME = "$(TARGET_NAME)";
				SDKROOT = iphoneos;
				SWIFT_ACTIVE_COMPILATION_CONDITIONS = DEBUG;
				SWIFT_OPTIMIZATION_LEVEL = "-Onone";
				SWIFT_VERSION = 5.0;
			};
			name = Debug;
		};
		336778B31BDCEA8CF7B5CC27 /* Debug */ = {
			isa = XCBuildConfiguration;
			baseConfigurationReference = 8B40B025D4680BA224777E89 /* Pods-ReactionTests.debug.xcconfig */;
			buildSettings = {
				BUNDLE_LOADER = "$(TEST_HOST)";
				INFOPLIST_FILE = ReactionTests/Info.plist;
				LD_RUNPATH_SEARCH_PATHS = (
					"$(inherited)",
					"@executable_path/Frameworks",
					"@loader_path/Frameworks",
				);
				SDKROOT = iphoneos;
				TARGETED_DEVICE_FAMILY = "1,2";
				TEST_HOST = "$(BUILT_PRODUCTS_DIR)/ReactionLocal.app/ReactionLocal";
			};
			name = Debug;
		};
		343F985783D1D7294702568F /* Debug */ = {
			isa = XCBuildConfiguration;
			baseConfigurationReference = 5EF928735AE5D521F858CA24 /* Pods-ReactionLocal.debug.xcconfig */;
			buildSettings = {
				ADMOB_UNIT_ID = "ca-app-pub-3940256099942544/2934735716";
				ASSETCATALOG_COMPILER_APPICON_NAME = "AppIcon-Local";
				CODE_SIGN_IDENTITY = "iPhone Developer";
				CODE_SIGN_STYLE = Automatic;
				CURRENT_PROJECT_VERSION = 1;
				DEVELOPMENT_TEAM = 5RH346BQ66;
				GAD_APPLICATION_IDENTIFER = "ca-app-pub-3940256099942544~1458002511";
				INFOPLIST_FILE = Reaction/Info.plist;
				IPHONEOS_DEPLOYMENT_TARGET = 14.0;
				LD_RUNPATH_SEARCH_PATHS = (
					"$(inherited)",
					"@executable_path/Frameworks",
				);
				MARKETING_VERSION = 2.1.0;
				PRODUCT_BUNDLE_IDENTIFIER = com.swiswiswift.Reaction;
				SDKROOT = iphoneos;
				TARGETED_DEVICE_FAMILY = 1;
			};
			name = Debug;
		};
		40571B4DCEE040C382D5F42E /* Debug */ = {
			isa = XCBuildConfiguration;
			baseConfigurationReference = 0241A8246B900178EB8580EF /* Pods-ReactionProduction.debug.xcconfig */;
			buildSettings = {
				ADMOB_UNIT_ID = "ca-app-pub-5587141252700968/3350341396";
				ASSETCATALOG_COMPILER_APPICON_NAME = "AppIcon-Production";
				CODE_SIGN_ENTITLEMENTS = Reaction/ReactionRelease.entitlements;
				CODE_SIGN_IDENTITY = "iPhone Developer";
				CODE_SIGN_STYLE = Automatic;
				CURRENT_PROJECT_VERSION = 1;
				DEVELOPMENT_TEAM = 5RH346BQ66;
				GAD_APPLICATION_IDENTIFER = "ca-app-pub-5587141252700968~7266182338";
				INFOPLIST_FILE = Reaction/Info.plist;
				IPHONEOS_DEPLOYMENT_TARGET = 14.0;
				LD_RUNPATH_SEARCH_PATHS = (
					"$(inherited)",
					"@executable_path/Frameworks",
				);
				MARKETING_VERSION = 2.1.0;
				PRODUCT_BUNDLE_IDENTIFIER = com.swiswiswift.Reaction;
				SDKROOT = iphoneos;
				TARGETED_DEVICE_FAMILY = 1;
			};
			name = Debug;
		};
		43A002F3591F7F9170BE171F /* Release */ = {
			isa = XCBuildConfiguration;
			baseConfigurationReference = 11D730A843005F74E4D93EF3 /* Pods-ReactionProduction.release.xcconfig */;
			buildSettings = {
				ADMOB_UNIT_ID = "ca-app-pub-5587141252700968/3350341396";
				ASSETCATALOG_COMPILER_APPICON_NAME = "AppIcon-Production";
				CODE_SIGN_ENTITLEMENTS = Reaction/ReactionRelease.entitlements;
				CODE_SIGN_IDENTITY = "iPhone Developer";
				CODE_SIGN_STYLE = Automatic;
				CURRENT_PROJECT_VERSION = 1;
				DEVELOPMENT_TEAM = 5RH346BQ66;
				GAD_APPLICATION_IDENTIFER = "ca-app-pub-5587141252700968~7266182338";
				INFOPLIST_FILE = Reaction/Info.plist;
				IPHONEOS_DEPLOYMENT_TARGET = 14.0;
				LD_RUNPATH_SEARCH_PATHS = (
					"$(inherited)",
					"@executable_path/Frameworks",
				);
				MARKETING_VERSION = 2.1.0;
				PRODUCT_BUNDLE_IDENTIFIER = com.swiswiswift.Reaction;
				SDKROOT = iphoneos;
				TARGETED_DEVICE_FAMILY = 1;
			};
			name = Release;
		};
		6289409DC2A5FF1622FDDDDF /* Debug */ = {
			isa = XCBuildConfiguration;
			baseConfigurationReference = 6253690FF5ADAFEA31E445C2 /* Pods-ReactionStaging.debug.xcconfig */;
			buildSettings = {
				ADMOB_UNIT_ID = "ca-app-pub-3940256099942544/2934735716";
				ASSETCATALOG_COMPILER_APPICON_NAME = "AppIcon-Staging";
				CODE_SIGN_IDENTITY = "iPhone Developer";
				CODE_SIGN_STYLE = Automatic;
				CURRENT_PROJECT_VERSION = 1;
				DEVELOPMENT_TEAM = 5RH346BQ66;
				GAD_APPLICATION_IDENTIFER = "ca-app-pub-3940256099942544~1458002511";
				INFOPLIST_FILE = Reaction/Info.plist;
				IPHONEOS_DEPLOYMENT_TARGET = 14.0;
				LD_RUNPATH_SEARCH_PATHS = (
					"$(inherited)",
					"@executable_path/Frameworks",
				);
				MARKETING_VERSION = 2.1.0;
				PRODUCT_BUNDLE_IDENTIFIER = com.Reaction.staging;
				SDKROOT = iphoneos;
				TARGETED_DEVICE_FAMILY = 1;
			};
			name = Debug;
		};
		6778803B458F5B0A4E14124C /* Release */ = {
			isa = XCBuildConfiguration;
			baseConfigurationReference = 70BCAB3E4F527884AD9D7087 /* Pods-ReactionUITests.release.xcconfig */;
			buildSettings = {
				BUNDLE_LOADER = "$(TEST_HOST)";
				INFOPLIST_FILE = ReactionUITests/Info.plist;
				LD_RUNPATH_SEARCH_PATHS = (
					"$(inherited)",
					"@executable_path/Frameworks",
					"@loader_path/Frameworks",
				);
				SDKROOT = iphoneos;
				TARGETED_DEVICE_FAMILY = "1,2";
				TEST_TARGET_NAME = ReactionLocal;
			};
			name = Release;
		};
		B3431612DCECF66FA8F2AFC9 /* Release */ = {
			isa = XCBuildConfiguration;
			buildSettings = {
				ALWAYS_SEARCH_USER_PATHS = NO;
				CLANG_ANALYZER_NONNULL = YES;
				CLANG_ANALYZER_NUMBER_OBJECT_CONVERSION = YES_AGGRESSIVE;
				CLANG_CXX_LANGUAGE_STANDARD = "gnu++14";
				CLANG_CXX_LIBRARY = "libc++";
				CLANG_ENABLE_MODULES = YES;
				CLANG_ENABLE_OBJC_ARC = YES;
				CLANG_ENABLE_OBJC_WEAK = YES;
				CLANG_WARN_BLOCK_CAPTURE_AUTORELEASING = YES;
				CLANG_WARN_BOOL_CONVERSION = YES;
				CLANG_WARN_COMMA = YES;
				CLANG_WARN_CONSTANT_CONVERSION = YES;
				CLANG_WARN_DEPRECATED_OBJC_IMPLEMENTATIONS = YES;
				CLANG_WARN_DIRECT_OBJC_ISA_USAGE = YES_ERROR;
				CLANG_WARN_DOCUMENTATION_COMMENTS = YES;
				CLANG_WARN_EMPTY_BODY = YES;
				CLANG_WARN_ENUM_CONVERSION = YES;
				CLANG_WARN_INFINITE_RECURSION = YES;
				CLANG_WARN_INT_CONVERSION = YES;
				CLANG_WARN_NON_LITERAL_NULL_CONVERSION = YES;
				CLANG_WARN_OBJC_IMPLICIT_RETAIN_SELF = YES;
				CLANG_WARN_OBJC_LITERAL_CONVERSION = YES;
				CLANG_WARN_OBJC_ROOT_CLASS = YES_ERROR;
				CLANG_WARN_QUOTED_INCLUDE_IN_FRAMEWORK_HEADER = YES;
				CLANG_WARN_RANGE_LOOP_ANALYSIS = YES;
				CLANG_WARN_STRICT_PROTOTYPES = YES;
				CLANG_WARN_SUSPICIOUS_MOVE = YES;
				CLANG_WARN_UNGUARDED_AVAILABILITY = YES_AGGRESSIVE;
				CLANG_WARN_UNREACHABLE_CODE = YES;
				CLANG_WARN__DUPLICATE_METHOD_MATCH = YES;
				COPY_PHASE_STRIP = NO;
				DEBUG_INFORMATION_FORMAT = "dwarf-with-dsym";
				ENABLE_NS_ASSERTIONS = NO;
				ENABLE_STRICT_OBJC_MSGSEND = YES;
				GCC_C_LANGUAGE_STANDARD = gnu11;
				GCC_NO_COMMON_BLOCKS = YES;
				GCC_WARN_64_TO_32_BIT_CONVERSION = YES;
				GCC_WARN_ABOUT_RETURN_TYPE = YES_ERROR;
				GCC_WARN_UNDECLARED_SELECTOR = YES;
				GCC_WARN_UNINITIALIZED_AUTOS = YES_AGGRESSIVE;
				GCC_WARN_UNUSED_FUNCTION = YES;
				GCC_WARN_UNUSED_VARIABLE = YES;
				IPHONEOS_DEPLOYMENT_TARGET = 14.0;
				MTL_ENABLE_DEBUG_INFO = NO;
				MTL_FAST_MATH = YES;
				PRODUCT_NAME = "$(TARGET_NAME)";
				SDKROOT = iphoneos;
				SWIFT_COMPILATION_MODE = wholemodule;
				SWIFT_OPTIMIZATION_LEVEL = "-O";
				SWIFT_VERSION = 5.0;
			};
			name = Release;
		};
/* End XCBuildConfiguration section */

/* Begin XCConfigurationList section */
		2CDED398DFCFFB0317E79D74 /* Build configuration list for PBXNativeTarget "ReactionStaging" */ = {
			isa = XCConfigurationList;
			buildConfigurations = (
				6289409DC2A5FF1622FDDDDF /* Debug */,
				0270DCFB1375CED47BD3BB0A /* Release */,
			);
			defaultConfigurationIsVisible = 0;
			defaultConfigurationName = Debug;
		};
		6C7933787E2905B65DE0B0D6 /* Build configuration list for PBXNativeTarget "ReactionUITests" */ = {
			isa = XCConfigurationList;
			buildConfigurations = (
				25C28783699CA5065391AB4B /* Debug */,
				6778803B458F5B0A4E14124C /* Release */,
			);
			defaultConfigurationIsVisible = 0;
			defaultConfigurationName = Debug;
		};
		78814B0453AB00B120237DC9 /* Build configuration list for PBXNativeTarget "ReactionProduction" */ = {
			isa = XCConfigurationList;
			buildConfigurations = (
				40571B4DCEE040C382D5F42E /* Debug */,
				43A002F3591F7F9170BE171F /* Release */,
			);
			defaultConfigurationIsVisible = 0;
			defaultConfigurationName = Debug;
		};
		BE510160FDB1542CBEB88AB4 /* Build configuration list for PBXNativeTarget "ReactionTests" */ = {
			isa = XCConfigurationList;
			buildConfigurations = (
				336778B31BDCEA8CF7B5CC27 /* Debug */,
				21F13AA60EF7AF3724C60492 /* Release */,
			);
			defaultConfigurationIsVisible = 0;
			defaultConfigurationName = Debug;
		};
		D8D4DEF02CD8F474B9D1A8BB /* Build configuration list for PBXProject "Reaction" */ = {
			isa = XCConfigurationList;
			buildConfigurations = (
				2B22E512AB5A34CF7BE6C68D /* Debug */,
				B3431612DCECF66FA8F2AFC9 /* Release */,
			);
			defaultConfigurationIsVisible = 0;
			defaultConfigurationName = Debug;
		};
		FBE72C4F53EEC28A95B23BBB /* Build configuration list for PBXNativeTarget "ReactionLocal" */ = {
			isa = XCConfigurationList;
			buildConfigurations = (
				343F985783D1D7294702568F /* Debug */,
				00ADBB1839F57C4CE94113BB /* Release */,
			);
			defaultConfigurationIsVisible = 0;
			defaultConfigurationName = Debug;
		};
/* End XCConfigurationList section */

/* Begin XCRemoteSwiftPackageReference section */
		0C698C555AB30D1BAE4E53E3 /* RemoteSwiftPackageReference */ = {
			isa = XCRemoteSwiftPackageReference;
			repositoryURL = "https://github.com/mac-cain13/R.swift.Library";
			requirement = {
				kind = upToNextMajorVersion;
				minimumVersion = 5.2.2;
			};
		};
/* End XCRemoteSwiftPackageReference section */

/* Begin XCSwiftPackageProductDependency section */
		2C43CAE6CA59E22F91832911 /* SwiftPackageProductDependency */ = {
			isa = XCSwiftPackageProductDependency;
			package = 0C698C555AB30D1BAE4E53E3 /* RemoteSwiftPackageReference */;
			productName = Rswift;
		};
		67DEDBA56812833BDF1ACF9D /* SwiftPackageProductDependency */ = {
			isa = XCSwiftPackageProductDependency;
			package = 0C698C555AB30D1BAE4E53E3 /* RemoteSwiftPackageReference */;
			productName = Rswift;
		};
		D30B44F7C4E10B9ED9994C89 /* SwiftPackageProductDependency */ = {
			isa = XCSwiftPackageProductDependency;
			package = 0C698C555AB30D1BAE4E53E3 /* RemoteSwiftPackageReference */;
			productName = Rswift;
		};
/* End XCSwiftPackageProductDependency section */
	};
	rootObject = 854B2B81A8B61CA930C77964 /* Project object */;
}
