// !$*UTF8*$!
{
	archiveVersion = 1;
	classes = {
	};
	objectVersion = 52;
	objects = {

/* Begin PBXBuildFile section */
		49A62CCB923BBDDA9142C5F4 /* Pods_reactionTests.framework in Frameworks */ = {isa = PBXBuildFile; fileRef = E347EFB222DA23FFDF4B7875 /* Pods_reactionTests.framework */; };
		7D12E589487CF8A928DE7E6B /* Pods_reaction_reactionUITests.framework in Frameworks */ = {isa = PBXBuildFile; fileRef = E45571375505D139AFFCC80C /* Pods_reaction_reactionUITests.framework */; };
		8D0F04CC25F146F300D836D9 /* ReactionDetailFullScreenView.swift in Sources */ = {isa = PBXBuildFile; fileRef = 8D0F04CB25F146F300D836D9 /* ReactionDetailFullScreenView.swift */; };
		8D3582D625F3795A00D4F3E5 /* SDWebImageSwiftUI in Frameworks */ = {isa = PBXBuildFile; productRef = 8D3582D525F3795A00D4F3E5 /* SDWebImageSwiftUI */; };
		8D51C2A025F0D57300B7E936 /* ReactionDetailView.swift in Sources */ = {isa = PBXBuildFile; fileRef = 8D51C29F25F0D57300B7E936 /* ReactionDetailView.swift */; };
		8D79363A26138F870084E0D8 /* AdSupport.framework in Frameworks */ = {isa = PBXBuildFile; fileRef = 8D79363926138F870084E0D8 /* AdSupport.framework */; };
		8D79363C26138F930084E0D8 /* AppTrackingTransparency.framework in Frameworks */ = {isa = PBXBuildFile; fileRef = 8D79363B26138F930084E0D8 /* AppTrackingTransparency.framework */; };
		8D793642261390460084E0D8 /* AdmobBannerView.swift in Sources */ = {isa = PBXBuildFile; fileRef = 8D793641261390460084E0D8 /* AdmobBannerView.swift */; };
		8D79364B261390F10084E0D8 /* Config.swift in Sources */ = {isa = PBXBuildFile; fileRef = 8D79364A261390F10084E0D8 /* Config.swift */; };
		8D7F2AD725F0D29600660A5A /* reactionApp.swift in Sources */ = {isa = PBXBuildFile; fileRef = 8D7F2AD625F0D29600660A5A /* reactionApp.swift */; };
		8D7F2AD925F0D29600660A5A /* ReactionListView.swift in Sources */ = {isa = PBXBuildFile; fileRef = 8D7F2AD825F0D29600660A5A /* ReactionListView.swift */; };
		8D7F2ADB25F0D29700660A5A /* Assets.xcassets in Resources */ = {isa = PBXBuildFile; fileRef = 8D7F2ADA25F0D29700660A5A /* Assets.xcassets */; };
		8D7F2ADE25F0D29700660A5A /* Preview Assets.xcassets in Resources */ = {isa = PBXBuildFile; fileRef = 8D7F2ADD25F0D29700660A5A /* Preview Assets.xcassets */; };
		8D7F2AE925F0D29700660A5A /* reactionTests.swift in Sources */ = {isa = PBXBuildFile; fileRef = 8D7F2AE825F0D29700660A5A /* reactionTests.swift */; };
		8D7F2AF425F0D29700660A5A /* reactionUITests.swift in Sources */ = {isa = PBXBuildFile; fileRef = 8D7F2AF325F0D29700660A5A /* reactionUITests.swift */; };
		8D7F2B0925F0D32800660A5A /* ReactionMechanism.swift in Sources */ = {isa = PBXBuildFile; fileRef = 8D7F2B0825F0D32800660A5A /* ReactionMechanism.swift */; };
		8D83D81F25FBCC5000E8E306 /* ReactionDetailContent.swift in Sources */ = {isa = PBXBuildFile; fileRef = 8D83D81E25FBCC5000E8E306 /* ReactionDetailContent.swift */; };
		8D8788B125FBC2A100677F73 /* ReactionListViewModel.swift in Sources */ = {isa = PBXBuildFile; fileRef = 8D8788B025FBC2A100677F73 /* ReactionListViewModel.swift */; };
		8D8788B625FBC2CE00677F73 /* ReactionListRow.swift in Sources */ = {isa = PBXBuildFile; fileRef = 8D8788B525FBC2CE00677F73 /* ReactionListRow.swift */; };
		8D8788BC25FBC87600677F73 /* DeveloperView.swift in Sources */ = {isa = PBXBuildFile; fileRef = 8D8788BB25FBC87600677F73 /* DeveloperView.swift */; };
		8D938E972613885900212D52 /* GoogleService-Info.plist in Resources */ = {isa = PBXBuildFile; fileRef = 8D938E962613885800212D52 /* GoogleService-Info.plist */; };
		8DB1E9AB2608F6F500FB2B85 /* ReactionListConfigView.swift in Sources */ = {isa = PBXBuildFile; fileRef = 8DB1E9AA2608F6F500FB2B85 /* ReactionListConfigView.swift */; };
		8DE0BF2225F7D27100EAE32A /* AppEnvironment.swift in Sources */ = {isa = PBXBuildFile; fileRef = 8DE0BF2125F7D27100EAE32A /* AppEnvironment.swift */; };
		8DE0BF2D25F7D58300EAE32A /* Mockable.swift in Sources */ = {isa = PBXBuildFile; fileRef = 8DE0BF2C25F7D58300EAE32A /* Mockable.swift */; };
		8DF526A0261EAEA50011CAEE /* UserDefaultRepository.swift in Sources */ = {isa = PBXBuildFile; fileRef = 8DF5269F261EAEA50011CAEE /* UserDefaultRepository.swift */; };
		8DF8A44C25FBCF4C009A4976 /* DeveloperRow.swift in Sources */ = {isa = PBXBuildFile; fileRef = 8DF8A44B25FBCF4C009A4976 /* DeveloperRow.swift */; };
		9566AD5887932E963D7BFD89 /* Pods_reaction.framework in Frameworks */ = {isa = PBXBuildFile; fileRef = 76F683607A182F9C3DFC0568 /* Pods_reaction.framework */; };
/* End PBXBuildFile section */

/* Begin PBXContainerItemProxy section */
		8D7F2AE525F0D29700660A5A /* PBXContainerItemProxy */ = {
			isa = PBXContainerItemProxy;
			containerPortal = 8D7F2ACB25F0D29600660A5A /* Project object */;
			proxyType = 1;
			remoteGlobalIDString = 8D7F2AD225F0D29600660A5A;
			remoteInfo = reaction;
		};
		8D7F2AF025F0D29700660A5A /* PBXContainerItemProxy */ = {
			isa = PBXContainerItemProxy;
			containerPortal = 8D7F2ACB25F0D29600660A5A /* Project object */;
			proxyType = 1;
			remoteGlobalIDString = 8D7F2AD225F0D29600660A5A;
			remoteInfo = reaction;
		};
/* End PBXContainerItemProxy section */

/* Begin PBXFileReference section */
		0DAC6716B1AF79BE28DAA504 /* Pods-reactionTests.release.xcconfig */ = {isa = PBXFileReference; includeInIndex = 1; lastKnownFileType = text.xcconfig; name = "Pods-reactionTests.release.xcconfig"; path = "Target Support Files/Pods-reactionTests/Pods-reactionTests.release.xcconfig"; sourceTree = "<group>"; };
		0DE6C4A6E0F2B9F6BDF9DE29 /* Pods-reaction-reactionUITests.release.xcconfig */ = {isa = PBXFileReference; includeInIndex = 1; lastKnownFileType = text.xcconfig; name = "Pods-reaction-reactionUITests.release.xcconfig"; path = "Target Support Files/Pods-reaction-reactionUITests/Pods-reaction-reactionUITests.release.xcconfig"; sourceTree = "<group>"; };
		22A6B4DD3850D4E8943AD464 /* Pods-reaction.debug.xcconfig */ = {isa = PBXFileReference; includeInIndex = 1; lastKnownFileType = text.xcconfig; name = "Pods-reaction.debug.xcconfig"; path = "Target Support Files/Pods-reaction/Pods-reaction.debug.xcconfig"; sourceTree = "<group>"; };
		76F683607A182F9C3DFC0568 /* Pods_reaction.framework */ = {isa = PBXFileReference; explicitFileType = wrapper.framework; includeInIndex = 0; path = Pods_reaction.framework; sourceTree = BUILT_PRODUCTS_DIR; };
		8D0F04CB25F146F300D836D9 /* ReactionDetailFullScreenView.swift */ = {isa = PBXFileReference; lastKnownFileType = sourcecode.swift; path = ReactionDetailFullScreenView.swift; sourceTree = "<group>"; };
		8D51C29F25F0D57300B7E936 /* ReactionDetailView.swift */ = {isa = PBXFileReference; lastKnownFileType = sourcecode.swift; path = ReactionDetailView.swift; sourceTree = "<group>"; };
		8D79363926138F870084E0D8 /* AdSupport.framework */ = {isa = PBXFileReference; lastKnownFileType = wrapper.framework; name = AdSupport.framework; path = System/Library/Frameworks/AdSupport.framework; sourceTree = SDKROOT; };
		8D79363B26138F930084E0D8 /* AppTrackingTransparency.framework */ = {isa = PBXFileReference; lastKnownFileType = wrapper.framework; name = AppTrackingTransparency.framework; path = System/Library/Frameworks/AppTrackingTransparency.framework; sourceTree = SDKROOT; };
		8D793641261390460084E0D8 /* AdmobBannerView.swift */ = {isa = PBXFileReference; lastKnownFileType = sourcecode.swift; path = AdmobBannerView.swift; sourceTree = "<group>"; };
		8D79364A261390F10084E0D8 /* Config.swift */ = {isa = PBXFileReference; lastKnownFileType = sourcecode.swift; path = Config.swift; sourceTree = "<group>"; };
		8D7F2AD325F0D29600660A5A /* reaction.app */ = {isa = PBXFileReference; explicitFileType = wrapper.application; includeInIndex = 0; path = reaction.app; sourceTree = BUILT_PRODUCTS_DIR; };
		8D7F2AD625F0D29600660A5A /* reactionApp.swift */ = {isa = PBXFileReference; lastKnownFileType = sourcecode.swift; path = reactionApp.swift; sourceTree = "<group>"; };
		8D7F2AD825F0D29600660A5A /* ReactionListView.swift */ = {isa = PBXFileReference; lastKnownFileType = sourcecode.swift; path = ReactionListView.swift; sourceTree = "<group>"; };
		8D7F2ADA25F0D29700660A5A /* Assets.xcassets */ = {isa = PBXFileReference; lastKnownFileType = folder.assetcatalog; path = Assets.xcassets; sourceTree = "<group>"; };
		8D7F2ADD25F0D29700660A5A /* Preview Assets.xcassets */ = {isa = PBXFileReference; lastKnownFileType = folder.assetcatalog; path = "Preview Assets.xcassets"; sourceTree = "<group>"; };
		8D7F2ADF25F0D29700660A5A /* Info.plist */ = {isa = PBXFileReference; lastKnownFileType = text.plist.xml; path = Info.plist; sourceTree = "<group>"; };
		8D7F2AE425F0D29700660A5A /* reactionTests.xctest */ = {isa = PBXFileReference; explicitFileType = wrapper.cfbundle; includeInIndex = 0; path = reactionTests.xctest; sourceTree = BUILT_PRODUCTS_DIR; };
		8D7F2AE825F0D29700660A5A /* reactionTests.swift */ = {isa = PBXFileReference; lastKnownFileType = sourcecode.swift; path = reactionTests.swift; sourceTree = "<group>"; };
		8D7F2AEA25F0D29700660A5A /* Info.plist */ = {isa = PBXFileReference; lastKnownFileType = text.plist.xml; path = Info.plist; sourceTree = "<group>"; };
		8D7F2AEF25F0D29700660A5A /* reactionUITests.xctest */ = {isa = PBXFileReference; explicitFileType = wrapper.cfbundle; includeInIndex = 0; path = reactionUITests.xctest; sourceTree = BUILT_PRODUCTS_DIR; };
		8D7F2AF325F0D29700660A5A /* reactionUITests.swift */ = {isa = PBXFileReference; lastKnownFileType = sourcecode.swift; path = reactionUITests.swift; sourceTree = "<group>"; };
		8D7F2AF525F0D29700660A5A /* Info.plist */ = {isa = PBXFileReference; lastKnownFileType = text.plist.xml; path = Info.plist; sourceTree = "<group>"; };
		8D7F2B0825F0D32800660A5A /* ReactionMechanism.swift */ = {isa = PBXFileReference; lastKnownFileType = sourcecode.swift; path = ReactionMechanism.swift; sourceTree = "<group>"; };
		8D83D81E25FBCC5000E8E306 /* ReactionDetailContent.swift */ = {isa = PBXFileReference; lastKnownFileType = sourcecode.swift; path = ReactionDetailContent.swift; sourceTree = "<group>"; };
		8D8788B025FBC2A100677F73 /* ReactionListViewModel.swift */ = {isa = PBXFileReference; lastKnownFileType = sourcecode.swift; path = ReactionListViewModel.swift; sourceTree = "<group>"; };
		8D8788B525FBC2CE00677F73 /* ReactionListRow.swift */ = {isa = PBXFileReference; lastKnownFileType = sourcecode.swift; path = ReactionListRow.swift; sourceTree = "<group>"; };
		8D8788BB25FBC87600677F73 /* DeveloperView.swift */ = {isa = PBXFileReference; lastKnownFileType = sourcecode.swift; path = DeveloperView.swift; sourceTree = "<group>"; };
		8D938E962613885800212D52 /* GoogleService-Info.plist */ = {isa = PBXFileReference; fileEncoding = 4; lastKnownFileType = text.plist.xml; path = "GoogleService-Info.plist"; sourceTree = "<group>"; };
		8DB1E9AA2608F6F500FB2B85 /* ReactionListConfigView.swift */ = {isa = PBXFileReference; lastKnownFileType = sourcecode.swift; path = ReactionListConfigView.swift; sourceTree = "<group>"; };
		8DE0BF2125F7D27100EAE32A /* AppEnvironment.swift */ = {isa = PBXFileReference; lastKnownFileType = sourcecode.swift; path = AppEnvironment.swift; sourceTree = "<group>"; };
		8DE0BF2C25F7D58300EAE32A /* Mockable.swift */ = {isa = PBXFileReference; lastKnownFileType = sourcecode.swift; path = Mockable.swift; sourceTree = "<group>"; };
		8DF5269F261EAEA50011CAEE /* UserDefaultRepository.swift */ = {isa = PBXFileReference; lastKnownFileType = sourcecode.swift; path = UserDefaultRepository.swift; sourceTree = "<group>"; };
		8DF8A44B25FBCF4C009A4976 /* DeveloperRow.swift */ = {isa = PBXFileReference; lastKnownFileType = sourcecode.swift; path = DeveloperRow.swift; sourceTree = "<group>"; };
		D974AF9E31EAE7372751057D /* Pods-reactionTests.debug.xcconfig */ = {isa = PBXFileReference; includeInIndex = 1; lastKnownFileType = text.xcconfig; name = "Pods-reactionTests.debug.xcconfig"; path = "Target Support Files/Pods-reactionTests/Pods-reactionTests.debug.xcconfig"; sourceTree = "<group>"; };
		DDB4DC823FABAD1B8CB7BE68 /* Pods-reaction.release.xcconfig */ = {isa = PBXFileReference; includeInIndex = 1; lastKnownFileType = text.xcconfig; name = "Pods-reaction.release.xcconfig"; path = "Target Support Files/Pods-reaction/Pods-reaction.release.xcconfig"; sourceTree = "<group>"; };
		DF0423E4DA43F4AFA58B94F3 /* Pods-reaction-reactionUITests.debug.xcconfig */ = {isa = PBXFileReference; includeInIndex = 1; lastKnownFileType = text.xcconfig; name = "Pods-reaction-reactionUITests.debug.xcconfig"; path = "Target Support Files/Pods-reaction-reactionUITests/Pods-reaction-reactionUITests.debug.xcconfig"; sourceTree = "<group>"; };
		E347EFB222DA23FFDF4B7875 /* Pods_reactionTests.framework */ = {isa = PBXFileReference; explicitFileType = wrapper.framework; includeInIndex = 0; path = Pods_reactionTests.framework; sourceTree = BUILT_PRODUCTS_DIR; };
		E45571375505D139AFFCC80C /* Pods_reaction_reactionUITests.framework */ = {isa = PBXFileReference; explicitFileType = wrapper.framework; includeInIndex = 0; path = Pods_reaction_reactionUITests.framework; sourceTree = BUILT_PRODUCTS_DIR; };
/* End PBXFileReference section */

/* Begin PBXFrameworksBuildPhase section */
		8D7F2AD025F0D29600660A5A /* Frameworks */ = {
			isa = PBXFrameworksBuildPhase;
			buildActionMask = 2147483647;
			files = (
				8D3582D625F3795A00D4F3E5 /* SDWebImageSwiftUI in Frameworks */,
				8D79363C26138F930084E0D8 /* AppTrackingTransparency.framework in Frameworks */,
				9566AD5887932E963D7BFD89 /* Pods_reaction.framework in Frameworks */,
				8D79363A26138F870084E0D8 /* AdSupport.framework in Frameworks */,
			);
			runOnlyForDeploymentPostprocessing = 0;
		};
		8D7F2AE125F0D29700660A5A /* Frameworks */ = {
			isa = PBXFrameworksBuildPhase;
			buildActionMask = 2147483647;
			files = (
				49A62CCB923BBDDA9142C5F4 /* Pods_reactionTests.framework in Frameworks */,
			);
			runOnlyForDeploymentPostprocessing = 0;
		};
		8D7F2AEC25F0D29700660A5A /* Frameworks */ = {
			isa = PBXFrameworksBuildPhase;
			buildActionMask = 2147483647;
			files = (
				7D12E589487CF8A928DE7E6B /* Pods_reaction_reactionUITests.framework in Frameworks */,
			);
			runOnlyForDeploymentPostprocessing = 0;
		};
/* End PBXFrameworksBuildPhase section */

/* Begin PBXGroup section */
		8D0F04CA25F146DB00D836D9 /* ReactionDetailFullScreen */ = {
			isa = PBXGroup;
			children = (
				8D0F04CB25F146F300D836D9 /* ReactionDetailFullScreenView.swift */,
			);
			path = ReactionDetailFullScreen;
			sourceTree = "<group>";
		};
		8D51C29E25F0D55E00B7E936 /* ReactionDetail */ = {
			isa = PBXGroup;
			children = (
				8D51C29F25F0D57300B7E936 /* ReactionDetailView.swift */,
			);
			path = ReactionDetail;
			sourceTree = "<group>";
		};
		8D793640261390380084E0D8 /* Admob */ = {
			isa = PBXGroup;
			children = (
				8D793641261390460084E0D8 /* AdmobBannerView.swift */,
			);
			path = Admob;
			sourceTree = "<group>";
		};
		8D7F2ACA25F0D29600660A5A = {
			isa = PBXGroup;
			children = (
				8D7F2AD525F0D29600660A5A /* reaction */,
				8D7F2AE725F0D29700660A5A /* reactionTests */,
				8D7F2AF225F0D29700660A5A /* reactionUITests */,
				8D7F2AD425F0D29600660A5A /* Products */,
				AE535158243F24E3F458F0AE /* Pods */,
				B09C80BAD98D64D84653DEB1 /* Frameworks */,
			);
			sourceTree = "<group>";
		};
		8D7F2AD425F0D29600660A5A /* Products */ = {
			isa = PBXGroup;
			children = (
				8D7F2AD325F0D29600660A5A /* reaction.app */,
				8D7F2AE425F0D29700660A5A /* reactionTests.xctest */,
				8D7F2AEF25F0D29700660A5A /* reactionUITests.xctest */,
			);
			name = Products;
			sourceTree = "<group>";
		};
		8D7F2AD525F0D29600660A5A /* reaction */ = {
			isa = PBXGroup;
			children = (
				8DF5269E261EAE7C0011CAEE /* Repository */,
				8D938E962613885800212D52 /* GoogleService-Info.plist */,
				8DE0BF2025F7D25D00EAE32A /* Enviroment */,
				8D7F2B0725F0D2FB00660A5A /* Entity */,
				8D7F2B1025F0D37F00660A5A /* View */,
				8D7F2AD625F0D29600660A5A /* reactionApp.swift */,
				8D7F2ADA25F0D29700660A5A /* Assets.xcassets */,
				8D7F2ADF25F0D29700660A5A /* Info.plist */,
				8D7F2ADC25F0D29700660A5A /* Preview Content */,
				8D79364A261390F10084E0D8 /* Config.swift */,
			);
			path = reaction;
			sourceTree = "<group>";
		};
		8D7F2ADC25F0D29700660A5A /* Preview Content */ = {
			isa = PBXGroup;
			children = (
				8D7F2ADD25F0D29700660A5A /* Preview Assets.xcassets */,
			);
			path = "Preview Content";
			sourceTree = "<group>";
		};
		8D7F2AE725F0D29700660A5A /* reactionTests */ = {
			isa = PBXGroup;
			children = (
				8D7F2AE825F0D29700660A5A /* reactionTests.swift */,
				8D7F2AEA25F0D29700660A5A /* Info.plist */,
			);
			path = reactionTests;
			sourceTree = "<group>";
		};
		8D7F2AF225F0D29700660A5A /* reactionUITests */ = {
			isa = PBXGroup;
			children = (
				8D7F2AF325F0D29700660A5A /* reactionUITests.swift */,
				8D7F2AF525F0D29700660A5A /* Info.plist */,
			);
			path = reactionUITests;
			sourceTree = "<group>";
		};
		8D7F2B0725F0D2FB00660A5A /* Entity */ = {
			isa = PBXGroup;
			children = (
				8D7F2B0825F0D32800660A5A /* ReactionMechanism.swift */,
				8DE0BF2C25F7D58300EAE32A /* Mockable.swift */,
			);
			path = Entity;
			sourceTree = "<group>";
		};
		8D7F2B1025F0D37F00660A5A /* View */ = {
			isa = PBXGroup;
			children = (
				8D793640261390380084E0D8 /* Admob */,
				8DB1E9A92608F6E000FB2B85 /* ReactionListConfig */,
				8D83D81D25FBCC3A00E8E306 /* ReactionDetailContent */,
				8D8788BA25FBC86900677F73 /* Developer */,
				8D0F04CA25F146DB00D836D9 /* ReactionDetailFullScreen */,
				8D51C29E25F0D55E00B7E936 /* ReactionDetail */,
				8D7F2B1125F0D38900660A5A /* ReactionList */,
			);
			path = View;
			sourceTree = "<group>";
		};
		8D7F2B1125F0D38900660A5A /* ReactionList */ = {
			isa = PBXGroup;
			children = (
				8D7F2AD825F0D29600660A5A /* ReactionListView.swift */,
				8D8788B025FBC2A100677F73 /* ReactionListViewModel.swift */,
				8D8788B525FBC2CE00677F73 /* ReactionListRow.swift */,
			);
			path = ReactionList;
			sourceTree = "<group>";
		};
		8D83D81D25FBCC3A00E8E306 /* ReactionDetailContent */ = {
			isa = PBXGroup;
			children = (
				8D83D81E25FBCC5000E8E306 /* ReactionDetailContent.swift */,
			);
			path = ReactionDetailContent;
			sourceTree = "<group>";
		};
		8D8788BA25FBC86900677F73 /* Developer */ = {
			isa = PBXGroup;
			children = (
				8D8788BB25FBC87600677F73 /* DeveloperView.swift */,
				8DF8A44B25FBCF4C009A4976 /* DeveloperRow.swift */,
			);
			path = Developer;
			sourceTree = "<group>";
		};
		8DB1E9A92608F6E000FB2B85 /* ReactionListConfig */ = {
			isa = PBXGroup;
			children = (
				8DB1E9AA2608F6F500FB2B85 /* ReactionListConfigView.swift */,
			);
			path = ReactionListConfig;
			sourceTree = "<group>";
		};
		8DE0BF2025F7D25D00EAE32A /* Enviroment */ = {
			isa = PBXGroup;
			children = (
				8DE0BF2125F7D27100EAE32A /* AppEnvironment.swift */,
			);
			path = Enviroment;
			sourceTree = "<group>";
		};
		8DF5269E261EAE7C0011CAEE /* Repository */ = {
			isa = PBXGroup;
			children = (
				8DF5269F261EAEA50011CAEE /* UserDefaultRepository.swift */,
			);
			path = Repository;
			sourceTree = "<group>";
		};
		AE535158243F24E3F458F0AE /* Pods */ = {
			isa = PBXGroup;
			children = (
				22A6B4DD3850D4E8943AD464 /* Pods-reaction.debug.xcconfig */,
				DDB4DC823FABAD1B8CB7BE68 /* Pods-reaction.release.xcconfig */,
				DF0423E4DA43F4AFA58B94F3 /* Pods-reaction-reactionUITests.debug.xcconfig */,
				0DE6C4A6E0F2B9F6BDF9DE29 /* Pods-reaction-reactionUITests.release.xcconfig */,
				D974AF9E31EAE7372751057D /* Pods-reactionTests.debug.xcconfig */,
				0DAC6716B1AF79BE28DAA504 /* Pods-reactionTests.release.xcconfig */,
			);
			path = Pods;
			sourceTree = "<group>";
		};
		B09C80BAD98D64D84653DEB1 /* Frameworks */ = {
			isa = PBXGroup;
			children = (
				8D79363B26138F930084E0D8 /* AppTrackingTransparency.framework */,
				8D79363926138F870084E0D8 /* AdSupport.framework */,
				76F683607A182F9C3DFC0568 /* Pods_reaction.framework */,
				E45571375505D139AFFCC80C /* Pods_reaction_reactionUITests.framework */,
				E347EFB222DA23FFDF4B7875 /* Pods_reactionTests.framework */,
			);
			name = Frameworks;
			sourceTree = "<group>";
		};
/* End PBXGroup section */

/* Begin PBXNativeTarget section */
		8D7F2AD225F0D29600660A5A /* reaction */ = {
			isa = PBXNativeTarget;
			buildConfigurationList = 8D7F2AF825F0D29700660A5A /* Build configuration list for PBXNativeTarget "reaction" */;
			buildPhases = (
				F969B74C38A360F0E0E79A7F /* [CP] Check Pods Manifest.lock */,
				8D7F2ACF25F0D29600660A5A /* Sources */,
				8D7F2AD025F0D29600660A5A /* Frameworks */,
				8D7F2AD125F0D29600660A5A /* Resources */,
				AB30AED982734B89CF534DA7 /* [CP] Embed Pods Frameworks */,
			);
			buildRules = (
			);
			dependencies = (
			);
			name = reaction;
			packageProductDependencies = (
				8D3582D525F3795A00D4F3E5 /* SDWebImageSwiftUI */,
			);
			productName = reaction;
			productReference = 8D7F2AD325F0D29600660A5A /* reaction.app */;
			productType = "com.apple.product-type.application";
		};
		8D7F2AE325F0D29700660A5A /* reactionTests */ = {
			isa = PBXNativeTarget;
			buildConfigurationList = 8D7F2AFB25F0D29700660A5A /* Build configuration list for PBXNativeTarget "reactionTests" */;
			buildPhases = (
				FB6460FC978725A1EADFE6D9 /* [CP] Check Pods Manifest.lock */,
				8D7F2AE025F0D29700660A5A /* Sources */,
				8D7F2AE125F0D29700660A5A /* Frameworks */,
				8D7F2AE225F0D29700660A5A /* Resources */,
			);
			buildRules = (
			);
			dependencies = (
				8D7F2AE625F0D29700660A5A /* PBXTargetDependency */,
			);
			name = reactionTests;
			productName = reactionTests;
			productReference = 8D7F2AE425F0D29700660A5A /* reactionTests.xctest */;
			productType = "com.apple.product-type.bundle.unit-test";
		};
		8D7F2AEE25F0D29700660A5A /* reactionUITests */ = {
			isa = PBXNativeTarget;
			buildConfigurationList = 8D7F2AFE25F0D29700660A5A /* Build configuration list for PBXNativeTarget "reactionUITests" */;
			buildPhases = (
				1A75A8A39DF1F3787F1DE0CA /* [CP] Check Pods Manifest.lock */,
				8D7F2AEB25F0D29700660A5A /* Sources */,
				8D7F2AEC25F0D29700660A5A /* Frameworks */,
				8D7F2AED25F0D29700660A5A /* Resources */,
				0212B98FF27B93D0E0975213 /* [CP] Embed Pods Frameworks */,
			);
			buildRules = (
			);
			dependencies = (
				8D7F2AF125F0D29700660A5A /* PBXTargetDependency */,
			);
			name = reactionUITests;
			productName = reactionUITests;
			productReference = 8D7F2AEF25F0D29700660A5A /* reactionUITests.xctest */;
			productType = "com.apple.product-type.bundle.ui-testing";
		};
/* End PBXNativeTarget section */

/* Begin PBXProject section */
		8D7F2ACB25F0D29600660A5A /* Project object */ = {
			isa = PBXProject;
			attributes = {
				LastSwiftUpdateCheck = 1240;
				LastUpgradeCheck = 1240;
				TargetAttributes = {
					8D7F2AD225F0D29600660A5A = {
						CreatedOnToolsVersion = 12.4;
					};
					8D7F2AE325F0D29700660A5A = {
						CreatedOnToolsVersion = 12.4;
						TestTargetID = 8D7F2AD225F0D29600660A5A;
					};
					8D7F2AEE25F0D29700660A5A = {
						CreatedOnToolsVersion = 12.4;
						TestTargetID = 8D7F2AD225F0D29600660A5A;
					};
				};
			};
			buildConfigurationList = 8D7F2ACE25F0D29600660A5A /* Build configuration list for PBXProject "reaction" */;
			compatibilityVersion = "Xcode 9.3";
			developmentRegion = en;
			hasScannedForEncodings = 0;
			knownRegions = (
				en,
				Base,
			);
			mainGroup = 8D7F2ACA25F0D29600660A5A;
			packageReferences = (
				8D3582D425F3795A00D4F3E5 /* XCRemoteSwiftPackageReference "SDWebImageSwiftUI" */,
			);
			productRefGroup = 8D7F2AD425F0D29600660A5A /* Products */;
			projectDirPath = "";
			projectRoot = "";
			targets = (
				8D7F2AD225F0D29600660A5A /* reaction */,
				8D7F2AE325F0D29700660A5A /* reactionTests */,
				8D7F2AEE25F0D29700660A5A /* reactionUITests */,
			);
		};
/* End PBXProject section */

/* Begin PBXResourcesBuildPhase section */
		8D7F2AD125F0D29600660A5A /* Resources */ = {
			isa = PBXResourcesBuildPhase;
			buildActionMask = 2147483647;
			files = (
				8D7F2ADE25F0D29700660A5A /* Preview Assets.xcassets in Resources */,
				8D7F2ADB25F0D29700660A5A /* Assets.xcassets in Resources */,
				8D938E972613885900212D52 /* GoogleService-Info.plist in Resources */,
			);
			runOnlyForDeploymentPostprocessing = 0;
		};
		8D7F2AE225F0D29700660A5A /* Resources */ = {
			isa = PBXResourcesBuildPhase;
			buildActionMask = 2147483647;
			files = (
			);
			runOnlyForDeploymentPostprocessing = 0;
		};
		8D7F2AED25F0D29700660A5A /* Resources */ = {
			isa = PBXResourcesBuildPhase;
			buildActionMask = 2147483647;
			files = (
			);
			runOnlyForDeploymentPostprocessing = 0;
		};
/* End PBXResourcesBuildPhase section */

/* Begin PBXShellScriptBuildPhase section */
		0212B98FF27B93D0E0975213 /* [CP] Embed Pods Frameworks */ = {
			isa = PBXShellScriptBuildPhase;
			buildActionMask = 2147483647;
			files = (
			);
			inputFileListPaths = (
				"${PODS_ROOT}/Target Support Files/Pods-reaction-reactionUITests/Pods-reaction-reactionUITests-frameworks-${CONFIGURATION}-input-files.xcfilelist",
			);
			name = "[CP] Embed Pods Frameworks";
			outputFileListPaths = (
				"${PODS_ROOT}/Target Support Files/Pods-reaction-reactionUITests/Pods-reaction-reactionUITests-frameworks-${CONFIGURATION}-output-files.xcfilelist",
			);
			runOnlyForDeploymentPostprocessing = 0;
			shellPath = /bin/sh;
			shellScript = "\"${PODS_ROOT}/Target Support Files/Pods-reaction-reactionUITests/Pods-reaction-reactionUITests-frameworks.sh\"\n";
			showEnvVarsInLog = 0;
		};
		1A75A8A39DF1F3787F1DE0CA /* [CP] Check Pods Manifest.lock */ = {
			isa = PBXShellScriptBuildPhase;
			buildActionMask = 2147483647;
			files = (
			);
			inputFileListPaths = (
			);
			inputPaths = (
				"${PODS_PODFILE_DIR_PATH}/Podfile.lock",
				"${PODS_ROOT}/Manifest.lock",
			);
			name = "[CP] Check Pods Manifest.lock";
			outputFileListPaths = (
			);
			outputPaths = (
				"$(DERIVED_FILE_DIR)/Pods-reaction-reactionUITests-checkManifestLockResult.txt",
			);
			runOnlyForDeploymentPostprocessing = 0;
			shellPath = /bin/sh;
			shellScript = "diff \"${PODS_PODFILE_DIR_PATH}/Podfile.lock\" \"${PODS_ROOT}/Manifest.lock\" > /dev/null\nif [ $? != 0 ] ; then\n    # print error to STDERR\n    echo \"error: The sandbox is not in sync with the Podfile.lock. Run 'pod install' or update your CocoaPods installation.\" >&2\n    exit 1\nfi\n# This output is used by Xcode 'outputs' to avoid re-running this script phase.\necho \"SUCCESS\" > \"${SCRIPT_OUTPUT_FILE_0}\"\n";
			showEnvVarsInLog = 0;
		};
		AB30AED982734B89CF534DA7 /* [CP] Embed Pods Frameworks */ = {
			isa = PBXShellScriptBuildPhase;
			buildActionMask = 2147483647;
			files = (
			);
			inputFileListPaths = (
				"${PODS_ROOT}/Target Support Files/Pods-reaction/Pods-reaction-frameworks-${CONFIGURATION}-input-files.xcfilelist",
			);
			name = "[CP] Embed Pods Frameworks";
			outputFileListPaths = (
				"${PODS_ROOT}/Target Support Files/Pods-reaction/Pods-reaction-frameworks-${CONFIGURATION}-output-files.xcfilelist",
			);
			runOnlyForDeploymentPostprocessing = 0;
			shellPath = /bin/sh;
			shellScript = "\"${PODS_ROOT}/Target Support Files/Pods-reaction/Pods-reaction-frameworks.sh\"\n";
			showEnvVarsInLog = 0;
		};
		F969B74C38A360F0E0E79A7F /* [CP] Check Pods Manifest.lock */ = {
			isa = PBXShellScriptBuildPhase;
			buildActionMask = 2147483647;
			files = (
			);
			inputFileListPaths = (
			);
			inputPaths = (
				"${PODS_PODFILE_DIR_PATH}/Podfile.lock",
				"${PODS_ROOT}/Manifest.lock",
			);
			name = "[CP] Check Pods Manifest.lock";
			outputFileListPaths = (
			);
			outputPaths = (
				"$(DERIVED_FILE_DIR)/Pods-reaction-checkManifestLockResult.txt",
			);
			runOnlyForDeploymentPostprocessing = 0;
			shellPath = /bin/sh;
			shellScript = "diff \"${PODS_PODFILE_DIR_PATH}/Podfile.lock\" \"${PODS_ROOT}/Manifest.lock\" > /dev/null\nif [ $? != 0 ] ; then\n    # print error to STDERR\n    echo \"error: The sandbox is not in sync with the Podfile.lock. Run 'pod install' or update your CocoaPods installation.\" >&2\n    exit 1\nfi\n# This output is used by Xcode 'outputs' to avoid re-running this script phase.\necho \"SUCCESS\" > \"${SCRIPT_OUTPUT_FILE_0}\"\n";
			showEnvVarsInLog = 0;
		};
		FB6460FC978725A1EADFE6D9 /* [CP] Check Pods Manifest.lock */ = {
			isa = PBXShellScriptBuildPhase;
			buildActionMask = 2147483647;
			files = (
			);
			inputFileListPaths = (
			);
			inputPaths = (
				"${PODS_PODFILE_DIR_PATH}/Podfile.lock",
				"${PODS_ROOT}/Manifest.lock",
			);
			name = "[CP] Check Pods Manifest.lock";
			outputFileListPaths = (
			);
			outputPaths = (
				"$(DERIVED_FILE_DIR)/Pods-reactionTests-checkManifestLockResult.txt",
			);
			runOnlyForDeploymentPostprocessing = 0;
			shellPath = /bin/sh;
			shellScript = "diff \"${PODS_PODFILE_DIR_PATH}/Podfile.lock\" \"${PODS_ROOT}/Manifest.lock\" > /dev/null\nif [ $? != 0 ] ; then\n    # print error to STDERR\n    echo \"error: The sandbox is not in sync with the Podfile.lock. Run 'pod install' or update your CocoaPods installation.\" >&2\n    exit 1\nfi\n# This output is used by Xcode 'outputs' to avoid re-running this script phase.\necho \"SUCCESS\" > \"${SCRIPT_OUTPUT_FILE_0}\"\n";
			showEnvVarsInLog = 0;
		};
/* End PBXShellScriptBuildPhase section */

/* Begin PBXSourcesBuildPhase section */
		8D7F2ACF25F0D29600660A5A /* Sources */ = {
			isa = PBXSourcesBuildPhase;
			buildActionMask = 2147483647;
			files = (
				8D793642261390460084E0D8 /* AdmobBannerView.swift in Sources */,
				8DB1E9AB2608F6F500FB2B85 /* ReactionListConfigView.swift in Sources */,
				8D79364B261390F10084E0D8 /* Config.swift in Sources */,
				8D7F2AD925F0D29600660A5A /* ReactionListView.swift in Sources */,
				8D83D81F25FBCC5000E8E306 /* ReactionDetailContent.swift in Sources */,
				8D0F04CC25F146F300D836D9 /* ReactionDetailFullScreenView.swift in Sources */,
				8D7F2AD725F0D29600660A5A /* reactionApp.swift in Sources */,
				8D8788B125FBC2A100677F73 /* ReactionListViewModel.swift in Sources */,
				8D51C2A025F0D57300B7E936 /* ReactionDetailView.swift in Sources */,
				8D8788B625FBC2CE00677F73 /* ReactionListRow.swift in Sources */,
				8DF526A0261EAEA50011CAEE /* UserDefaultRepository.swift in Sources */,
				8DE0BF2225F7D27100EAE32A /* AppEnvironment.swift in Sources */,
				8D8788BC25FBC87600677F73 /* DeveloperView.swift in Sources */,
				8DE0BF2D25F7D58300EAE32A /* Mockable.swift in Sources */,
				8D7F2B0925F0D32800660A5A /* ReactionMechanism.swift in Sources */,
				8DF8A44C25FBCF4C009A4976 /* DeveloperRow.swift in Sources */,
			);
			runOnlyForDeploymentPostprocessing = 0;
		};
		8D7F2AE025F0D29700660A5A /* Sources */ = {
			isa = PBXSourcesBuildPhase;
			buildActionMask = 2147483647;
			files = (
				8D7F2AE925F0D29700660A5A /* reactionTests.swift in Sources */,
			);
			runOnlyForDeploymentPostprocessing = 0;
		};
		8D7F2AEB25F0D29700660A5A /* Sources */ = {
			isa = PBXSourcesBuildPhase;
			buildActionMask = 2147483647;
			files = (
				8D7F2AF425F0D29700660A5A /* reactionUITests.swift in Sources */,
			);
			runOnlyForDeploymentPostprocessing = 0;
		};
/* End PBXSourcesBuildPhase section */

/* Begin PBXTargetDependency section */
		8D7F2AE625F0D29700660A5A /* PBXTargetDependency */ = {
			isa = PBXTargetDependency;
			target = 8D7F2AD225F0D29600660A5A /* reaction */;
			targetProxy = 8D7F2AE525F0D29700660A5A /* PBXContainerItemProxy */;
		};
		8D7F2AF125F0D29700660A5A /* PBXTargetDependency */ = {
			isa = PBXTargetDependency;
			target = 8D7F2AD225F0D29600660A5A /* reaction */;
			targetProxy = 8D7F2AF025F0D29700660A5A /* PBXContainerItemProxy */;
		};
/* End PBXTargetDependency section */

/* Begin XCBuildConfiguration section */
		8D7F2AF625F0D29700660A5A /* Debug */ = {
			isa = XCBuildConfiguration;
			buildSettings = {
				ALWAYS_SEARCH_USER_PATHS = NO;
				CLANG_ANALYZER_NONNULL = YES;
				CLANG_ANALYZER_NUMBER_OBJECT_CONVERSION = YES_AGGRESSIVE;
				CLANG_CXX_LANGUAGE_STANDARD = "gnu++14";
				CLANG_CXX_LIBRARY = "libc++";
				CLANG_ENABLE_MODULES = YES;
				CLANG_ENABLE_OBJC_ARC = YES;
				CLANG_ENABLE_OBJC_WEAK = YES;
				CLANG_WARN_BLOCK_CAPTURE_AUTORELEASING = YES;
				CLANG_WARN_BOOL_CONVERSION = YES;
				CLANG_WARN_COMMA = YES;
				CLANG_WARN_CONSTANT_CONVERSION = YES;
				CLANG_WARN_DEPRECATED_OBJC_IMPLEMENTATIONS = YES;
				CLANG_WARN_DIRECT_OBJC_ISA_USAGE = YES_ERROR;
				CLANG_WARN_DOCUMENTATION_COMMENTS = YES;
				CLANG_WARN_EMPTY_BODY = YES;
				CLANG_WARN_ENUM_CONVERSION = YES;
				CLANG_WARN_INFINITE_RECURSION = YES;
				CLANG_WARN_INT_CONVERSION = YES;
				CLANG_WARN_NON_LITERAL_NULL_CONVERSION = YES;
				CLANG_WARN_OBJC_IMPLICIT_RETAIN_SELF = YES;
				CLANG_WARN_OBJC_LITERAL_CONVERSION = YES;
				CLANG_WARN_OBJC_ROOT_CLASS = YES_ERROR;
				CLANG_WARN_QUOTED_INCLUDE_IN_FRAMEWORK_HEADER = YES;
				CLANG_WARN_RANGE_LOOP_ANALYSIS = YES;
				CLANG_WARN_STRICT_PROTOTYPES = YES;
				CLANG_WARN_SUSPICIOUS_MOVE = YES;
				CLANG_WARN_UNGUARDED_AVAILABILITY = YES_AGGRESSIVE;
				CLANG_WARN_UNREACHABLE_CODE = YES;
				CLANG_WARN__DUPLICATE_METHOD_MATCH = YES;
				COPY_PHASE_STRIP = NO;
				DEBUG_INFORMATION_FORMAT = dwarf;
				ENABLE_STRICT_OBJC_MSGSEND = YES;
				ENABLE_TESTABILITY = YES;
				GCC_C_LANGUAGE_STANDARD = gnu11;
				GCC_DYNAMIC_NO_PIC = NO;
				GCC_NO_COMMON_BLOCKS = YES;
				GCC_OPTIMIZATION_LEVEL = 0;
				GCC_PREPROCESSOR_DEFINITIONS = (
					"DEBUG=1",
					"$(inherited)",
				);
				GCC_WARN_64_TO_32_BIT_CONVERSION = YES;
				GCC_WARN_ABOUT_RETURN_TYPE = YES_ERROR;
				GCC_WARN_UNDECLARED_SELECTOR = YES;
				GCC_WARN_UNINITIALIZED_AUTOS = YES_AGGRESSIVE;
				GCC_WARN_UNUSED_FUNCTION = YES;
				GCC_WARN_UNUSED_VARIABLE = YES;
				IPHONEOS_DEPLOYMENT_TARGET = 14.4;
				MTL_ENABLE_DEBUG_INFO = INCLUDE_SOURCE;
				MTL_FAST_MATH = YES;
				ONLY_ACTIVE_ARCH = YES;
				SDKROOT = iphoneos;
				SWIFT_ACTIVE_COMPILATION_CONDITIONS = DEBUG;
				SWIFT_OPTIMIZATION_LEVEL = "-Onone";
			};
			name = Debug;
		};
		8D7F2AF725F0D29700660A5A /* Release */ = {
			isa = XCBuildConfiguration;
			buildSettings = {
				ALWAYS_SEARCH_USER_PATHS = NO;
				CLANG_ANALYZER_NONNULL = YES;
				CLANG_ANALYZER_NUMBER_OBJECT_CONVERSION = YES_AGGRESSIVE;
				CLANG_CXX_LANGUAGE_STANDARD = "gnu++14";
				CLANG_CXX_LIBRARY = "libc++";
				CLANG_ENABLE_MODULES = YES;
				CLANG_ENABLE_OBJC_ARC = YES;
				CLANG_ENABLE_OBJC_WEAK = YES;
				CLANG_WARN_BLOCK_CAPTURE_AUTORELEASING = YES;
				CLANG_WARN_BOOL_CONVERSION = YES;
				CLANG_WARN_COMMA = YES;
				CLANG_WARN_CONSTANT_CONVERSION = YES;
				CLANG_WARN_DEPRECATED_OBJC_IMPLEMENTATIONS = YES;
				CLANG_WARN_DIRECT_OBJC_ISA_USAGE = YES_ERROR;
				CLANG_WARN_DOCUMENTATION_COMMENTS = YES;
				CLANG_WARN_EMPTY_BODY = YES;
				CLANG_WARN_ENUM_CONVERSION = YES;
				CLANG_WARN_INFINITE_RECURSION = YES;
				CLANG_WARN_INT_CONVERSION = YES;
				CLANG_WARN_NON_LITERAL_NULL_CONVERSION = YES;
				CLANG_WARN_OBJC_IMPLICIT_RETAIN_SELF = YES;
				CLANG_WARN_OBJC_LITERAL_CONVERSION = YES;
				CLANG_WARN_OBJC_ROOT_CLASS = YES_ERROR;
				CLANG_WARN_QUOTED_INCLUDE_IN_FRAMEWORK_HEADER = YES;
				CLANG_WARN_RANGE_LOOP_ANALYSIS = YES;
				CLANG_WARN_STRICT_PROTOTYPES = YES;
				CLANG_WARN_SUSPICIOUS_MOVE = YES;
				CLANG_WARN_UNGUARDED_AVAILABILITY = YES_AGGRESSIVE;
				CLANG_WARN_UNREACHABLE_CODE = YES;
				CLANG_WARN__DUPLICATE_METHOD_MATCH = YES;
				COPY_PHASE_STRIP = NO;
				DEBUG_INFORMATION_FORMAT = "dwarf-with-dsym";
				ENABLE_NS_ASSERTIONS = NO;
				ENABLE_STRICT_OBJC_MSGSEND = YES;
				GCC_C_LANGUAGE_STANDARD = gnu11;
				GCC_NO_COMMON_BLOCKS = YES;
				GCC_WARN_64_TO_32_BIT_CONVERSION = YES;
				GCC_WARN_ABOUT_RETURN_TYPE = YES_ERROR;
				GCC_WARN_UNDECLARED_SELECTOR = YES;
				GCC_WARN_UNINITIALIZED_AUTOS = YES_AGGRESSIVE;
				GCC_WARN_UNUSED_FUNCTION = YES;
				GCC_WARN_UNUSED_VARIABLE = YES;
				IPHONEOS_DEPLOYMENT_TARGET = 14.4;
				MTL_ENABLE_DEBUG_INFO = NO;
				MTL_FAST_MATH = YES;
				SDKROOT = iphoneos;
				SWIFT_COMPILATION_MODE = wholemodule;
				SWIFT_OPTIMIZATION_LEVEL = "-O";
				VALIDATE_PRODUCT = YES;
			};
			name = Release;
		};
		8D7F2AF925F0D29700660A5A /* Debug */ = {
			isa = XCBuildConfiguration;
			baseConfigurationReference = 22A6B4DD3850D4E8943AD464 /* Pods-reaction.debug.xcconfig */;
			buildSettings = {
				ASSETCATALOG_COMPILER_APPICON_NAME = AppIcon;
				ASSETCATALOG_COMPILER_GLOBAL_ACCENT_COLOR_NAME = AccentColor;
				CODE_SIGN_STYLE = Automatic;
				CURRENT_PROJECT_VERSION = 12;
				DEVELOPMENT_ASSET_PATHS = "\"reaction/Preview Content\"";
				DEVELOPMENT_TEAM = 5RH346BQ66;
				ENABLE_PREVIEWS = YES;
				INFOPLIST_FILE = reaction/Info.plist;
				IPHONEOS_DEPLOYMENT_TARGET = 14.0;
				LD_RUNPATH_SEARCH_PATHS = (
					"$(inherited)",
					"@executable_path/Frameworks",
				);
				MARKETING_VERSION = 4.0.0;
				PRODUCT_BUNDLE_IDENTIFIER = com.example.junpei.chemi;
				PRODUCT_NAME = "$(TARGET_NAME)";
				SWIFT_VERSION = 5.0;
				TARGETED_DEVICE_FAMILY = "1,2";
			};
			name = Debug;
		};
		8D7F2AFA25F0D29700660A5A /* Release */ = {
			isa = XCBuildConfiguration;
			baseConfigurationReference = DDB4DC823FABAD1B8CB7BE68 /* Pods-reaction.release.xcconfig */;
			buildSettings = {
				ASSETCATALOG_COMPILER_APPICON_NAME = AppIcon;
				ASSETCATALOG_COMPILER_GLOBAL_ACCENT_COLOR_NAME = AccentColor;
				CODE_SIGN_STYLE = Automatic;
				CURRENT_PROJECT_VERSION = 12;
				DEVELOPMENT_ASSET_PATHS = "\"reaction/Preview Content\"";
				DEVELOPMENT_TEAM = 5RH346BQ66;
				ENABLE_PREVIEWS = YES;
				INFOPLIST_FILE = reaction/Info.plist;
				IPHONEOS_DEPLOYMENT_TARGET = 14.0;
				LD_RUNPATH_SEARCH_PATHS = (
					"$(inherited)",
					"@executable_path/Frameworks",
				);
				MARKETING_VERSION = 4.0.0;
				PRODUCT_BUNDLE_IDENTIFIER = com.example.junpei.chemi;
				PRODUCT_NAME = "$(TARGET_NAME)";
				SWIFT_VERSION = 5.0;
				TARGETED_DEVICE_FAMILY = "1,2";
			};
			name = Release;
		};
		8D7F2AFC25F0D29700660A5A /* Debug */ = {
			isa = XCBuildConfiguration;
			baseConfigurationReference = D974AF9E31EAE7372751057D /* Pods-reactionTests.debug.xcconfig */;
			buildSettings = {
				ALWAYS_EMBED_SWIFT_STANDARD_LIBRARIES = YES;
				BUNDLE_LOADER = "$(TEST_HOST)";
				CODE_SIGN_STYLE = Automatic;
				DEVELOPMENT_TEAM = 5RH346BQ66;
				INFOPLIST_FILE = reactionTests/Info.plist;
				IPHONEOS_DEPLOYMENT_TARGET = 14.0;
				LD_RUNPATH_SEARCH_PATHS = (
					"$(inherited)",
					"@executable_path/Frameworks",
					"@loader_path/Frameworks",
				);
				PRODUCT_BUNDLE_IDENTIFIER = com.swiswiswift.reactionTests;
				PRODUCT_NAME = "$(TARGET_NAME)";
				SWIFT_VERSION = 5.0;
				TARGETED_DEVICE_FAMILY = "1,2";
				TEST_HOST = "$(BUILT_PRODUCTS_DIR)/reaction.app/reaction";
			};
			name = Debug;
		};
		8D7F2AFD25F0D29700660A5A /* Release */ = {
			isa = XCBuildConfiguration;
			baseConfigurationReference = 0DAC6716B1AF79BE28DAA504 /* Pods-reactionTests.release.xcconfig */;
			buildSettings = {
				ALWAYS_EMBED_SWIFT_STANDARD_LIBRARIES = YES;
				BUNDLE_LOADER = "$(TEST_HOST)";
				CODE_SIGN_STYLE = Automatic;
				DEVELOPMENT_TEAM = 5RH346BQ66;
				INFOPLIST_FILE = reactionTests/Info.plist;
				IPHONEOS_DEPLOYMENT_TARGET = 14.0;
				LD_RUNPATH_SEARCH_PATHS = (
					"$(inherited)",
					"@executable_path/Frameworks",
					"@loader_path/Frameworks",
				);
				PRODUCT_BUNDLE_IDENTIFIER = com.swiswiswift.reactionTests;
				PRODUCT_NAME = "$(TARGET_NAME)";
				SWIFT_VERSION = 5.0;
				TARGETED_DEVICE_FAMILY = "1,2";
				TEST_HOST = "$(BUILT_PRODUCTS_DIR)/reaction.app/reaction";
			};
			name = Release;
		};
		8D7F2AFF25F0D29700660A5A /* Debug */ = {
			isa = XCBuildConfiguration;
			baseConfigurationReference = DF0423E4DA43F4AFA58B94F3 /* Pods-reaction-reactionUITests.debug.xcconfig */;
			buildSettings = {
				ALWAYS_EMBED_SWIFT_STANDARD_LIBRARIES = YES;
				CODE_SIGN_STYLE = Automatic;
				DEVELOPMENT_TEAM = 5RH346BQ66;
				INFOPLIST_FILE = reactionUITests/Info.plist;
				LD_RUNPATH_SEARCH_PATHS = (
					"$(inherited)",
					"@executable_path/Frameworks",
					"@loader_path/Frameworks",
				);
				PRODUCT_BUNDLE_IDENTIFIER = com.swiswiswift.reactionUITests;
				PRODUCT_NAME = "$(TARGET_NAME)";
				SWIFT_VERSION = 5.0;
				TARGETED_DEVICE_FAMILY = "1,2";
				TEST_TARGET_NAME = reaction;
			};
			name = Debug;
		};
		8D7F2B0025F0D29700660A5A /* Release */ = {
			isa = XCBuildConfiguration;
			baseConfigurationReference = 0DE6C4A6E0F2B9F6BDF9DE29 /* Pods-reaction-reactionUITests.release.xcconfig */;
			buildSettings = {
				ALWAYS_EMBED_SWIFT_STANDARD_LIBRARIES = YES;
				CODE_SIGN_STYLE = Automatic;
				DEVELOPMENT_TEAM = 5RH346BQ66;
				INFOPLIST_FILE = reactionUITests/Info.plist;
				LD_RUNPATH_SEARCH_PATHS = (
					"$(inherited)",
					"@executable_path/Frameworks",
					"@loader_path/Frameworks",
				);
				PRODUCT_BUNDLE_IDENTIFIER = com.swiswiswift.reactionUITests;
				PRODUCT_NAME = "$(TARGET_NAME)";
				SWIFT_VERSION = 5.0;
				TARGETED_DEVICE_FAMILY = "1,2";
				TEST_TARGET_NAME = reaction;
			};
			name = Release;
		};
/* End XCBuildConfiguration section */

/* Begin XCConfigurationList section */
		8D7F2ACE25F0D29600660A5A /* Build configuration list for PBXProject "reaction" */ = {
			isa = XCConfigurationList;
			buildConfigurations = (
				8D7F2AF625F0D29700660A5A /* Debug */,
				8D7F2AF725F0D29700660A5A /* Release */,
			);
			defaultConfigurationIsVisible = 0;
			defaultConfigurationName = Release;
		};
		8D7F2AF825F0D29700660A5A /* Build configuration list for PBXNativeTarget "reaction" */ = {
			isa = XCConfigurationList;
			buildConfigurations = (
				8D7F2AF925F0D29700660A5A /* Debug */,
				8D7F2AFA25F0D29700660A5A /* Release */,
			);
			defaultConfigurationIsVisible = 0;
			defaultConfigurationName = Release;
		};
		8D7F2AFB25F0D29700660A5A /* Build configuration list for PBXNativeTarget "reactionTests" */ = {
			isa = XCConfigurationList;
			buildConfigurations = (
				8D7F2AFC25F0D29700660A5A /* Debug */,
				8D7F2AFD25F0D29700660A5A /* Release */,
			);
			defaultConfigurationIsVisible = 0;
			defaultConfigurationName = Release;
		};
		8D7F2AFE25F0D29700660A5A /* Build configuration list for PBXNativeTarget "reactionUITests" */ = {
			isa = XCConfigurationList;
			buildConfigurations = (
				8D7F2AFF25F0D29700660A5A /* Debug */,
				8D7F2B0025F0D29700660A5A /* Release */,
			);
			defaultConfigurationIsVisible = 0;
			defaultConfigurationName = Release;
		};
/* End XCConfigurationList section */

/* Begin XCRemoteSwiftPackageReference section */
		8D3582D425F3795A00D4F3E5 /* XCRemoteSwiftPackageReference "SDWebImageSwiftUI" */ = {
			isa = XCRemoteSwiftPackageReference;
			repositoryURL = "https://github.com/SDWebImage/SDWebImageSwiftUI.git";
			requirement = {
				kind = upToNextMajorVersion;
				minimumVersion = 2.0.1;
			};
		};
/* End XCRemoteSwiftPackageReference section */

/* Begin XCSwiftPackageProductDependency section */
		8D3582D525F3795A00D4F3E5 /* SDWebImageSwiftUI */ = {
			isa = XCSwiftPackageProductDependency;
			package = 8D3582D425F3795A00D4F3E5 /* XCRemoteSwiftPackageReference "SDWebImageSwiftUI" */;
			productName = SDWebImageSwiftUI;
		};
/* End XCSwiftPackageProductDependency section */
	};
	rootObject = 8D7F2ACB25F0D29600660A5A /* Project object */;
}
